// !$*UTF8*$!
{
	archiveVersion = 1;
	classes = {
	};
	objectVersion = 46;
	objects = {

/* Begin PBXBuildFile section */
		1915B76A1E91101300147BDB /* main.cpp in Sources */ = {isa = PBXBuildFile; fileRef = 1915B7691E91101300147BDB /* main.cpp */; };
		1915B7741E91103100147BDB /* SDL2_image.framework in Frameworks */ = {isa = PBXBuildFile; fileRef = 1915B7711E91103100147BDB /* SDL2_image.framework */; };
		1915B7751E91103100147BDB /* SDL2_ttf.framework in Frameworks */ = {isa = PBXBuildFile; fileRef = 1915B7721E91103100147BDB /* SDL2_ttf.framework */; };
		1915B7761E91103100147BDB /* SDL2.framework in Frameworks */ = {isa = PBXBuildFile; fileRef = 1915B7731E91103100147BDB /* SDL2.framework */; };
		1942A3861E99377D00A7A5CD /* GfxRootClass.cpp in Sources */ = {isa = PBXBuildFile; fileRef = 1942A3841E99377D00A7A5CD /* GfxRootClass.cpp */; };
		197459581E9552CF00AB302B /* GfxColor.cpp in Sources */ = {isa = PBXBuildFile; fileRef = 1974594F1E9552CF00AB302B /* GfxColor.cpp */; };
		197459591E9552CF00AB302B /* GfxInitQuit.cpp in Sources */ = {isa = PBXBuildFile; fileRef = 197459511E9552CF00AB302B /* GfxInitQuit.cpp */; };
		1974595A1E9552CF00AB302B /* GfxPalette.cpp in Sources */ = {isa = PBXBuildFile; fileRef = 197459531E9552CF00AB302B /* GfxPalette.cpp */; };
		1974595B1E9552CF00AB302B /* GfxPoint.cpp in Sources */ = {isa = PBXBuildFile; fileRef = 197459551E9552CF00AB302B /* GfxPoint.cpp */; };
		1974596A1E9553DB00AB302B /* GfxFlip.cpp in Sources */ = {isa = PBXBuildFile; fileRef = 1974595C1E9553DB00AB302B /* GfxFlip.cpp */; };
		1974596B1E9553DB00AB302B /* GfxPixelFormat.cpp in Sources */ = {isa = PBXBuildFile; fileRef = 1974595E1E9553DB00AB302B /* GfxPixelFormat.cpp */; };
		1974596C1E9553DB00AB302B /* GfxRect.cpp in Sources */ = {isa = PBXBuildFile; fileRef = 197459601E9553DB00AB302B /* GfxRect.cpp */; };
		1974596D1E9553DB00AB302B /* GfxRenderer.cpp in Sources */ = {isa = PBXBuildFile; fileRef = 197459621E9553DB00AB302B /* GfxRenderer.cpp */; };
		1974596E1E9553DB00AB302B /* GfxSurface.cpp in Sources */ = {isa = PBXBuildFile; fileRef = 197459641E9553DB00AB302B /* GfxSurface.cpp */; };
		1974596F1E9553DB00AB302B /* GfxTexture.cpp in Sources */ = {isa = PBXBuildFile; fileRef = 197459661E9553DB00AB302B /* GfxTexture.cpp */; };
		197459701E9553DB00AB302B /* GfxWindow.cpp in Sources */ = {isa = PBXBuildFile; fileRef = 197459681E9553DB00AB302B /* GfxWindow.cpp */; };
		19A84A4D1E94067A00C3E83C /* Playground.cpp in Sources */ = {isa = PBXBuildFile; fileRef = 19A84A4B1E94067A00C3E83C /* Playground.cpp */; };
		19D3B6531E9A8C2700981390 /* GfxBlendMode.cpp in Sources */ = {isa = PBXBuildFile; fileRef = 19D3B6511E9A8C2700981390 /* GfxBlendMode.cpp */; };
		19E492B91E9C005600D1D5C7 /* GfxConstants.cpp in Sources */ = {isa = PBXBuildFile; fileRef = 19E492B71E9C005600D1D5C7 /* GfxConstants.cpp */; };
		79C8086A1EA083CA003DB94C /* GfxCanvas.cpp in Sources */ = {isa = PBXBuildFile; fileRef = 79C808681EA083CA003DB94C /* GfxCanvas.cpp */; };
/* End PBXBuildFile section */

/* Begin PBXCopyFilesBuildPhase section */
		1915B7641E91101300147BDB /* CopyFiles */ = {
			isa = PBXCopyFilesBuildPhase;
			buildActionMask = 2147483647;
			dstPath = /usr/share/man/man1/;
			dstSubfolderSpec = 0;
			files = (
			);
			runOnlyForDeploymentPostprocessing = 1;
		};
/* End PBXCopyFilesBuildPhase section */

/* Begin PBXFileReference section */
		1915B7661E91101300147BDB /* cpp11sdl */ = {isa = PBXFileReference; explicitFileType = "compiled.mach-o.executable"; includeInIndex = 0; path = cpp11sdl; sourceTree = BUILT_PRODUCTS_DIR; };
		1915B7691E91101300147BDB /* main.cpp */ = {isa = PBXFileReference; lastKnownFileType = sourcecode.cpp.cpp; path = main.cpp; sourceTree = "<group>"; };
		1915B7711E91103100147BDB /* SDL2_image.framework */ = {isa = PBXFileReference; lastKnownFileType = wrapper.framework; name = SDL2_image.framework; path = ../../../Library/Frameworks/SDL2_image.framework; sourceTree = "<group>"; };
		1915B7721E91103100147BDB /* SDL2_ttf.framework */ = {isa = PBXFileReference; lastKnownFileType = wrapper.framework; name = SDL2_ttf.framework; path = ../../../Library/Frameworks/SDL2_ttf.framework; sourceTree = "<group>"; };
		1915B7731E91103100147BDB /* SDL2.framework */ = {isa = PBXFileReference; lastKnownFileType = wrapper.framework; name = SDL2.framework; path = ../../../Library/Frameworks/SDL2.framework; sourceTree = "<group>"; };
		1942A3841E99377D00A7A5CD /* GfxRootClass.cpp */ = {isa = PBXFileReference; fileEncoding = 4; lastKnownFileType = sourcecode.cpp.cpp; name = GfxRootClass.cpp; path = SdlWrapper/GfxRootClass.cpp; sourceTree = "<group>"; };
		1942A3851E99377D00A7A5CD /* GfxRootClass.hpp */ = {isa = PBXFileReference; fileEncoding = 4; lastKnownFileType = sourcecode.cpp.h; name = GfxRootClass.hpp; path = SdlWrapper/GfxRootClass.hpp; sourceTree = "<group>"; };
		1974594F1E9552CF00AB302B /* GfxColor.cpp */ = {isa = PBXFileReference; fileEncoding = 4; lastKnownFileType = sourcecode.cpp.cpp; name = GfxColor.cpp; path = SdlWrapper/GfxColor.cpp; sourceTree = "<group>"; };
		197459501E9552CF00AB302B /* GfxColor.hpp */ = {isa = PBXFileReference; fileEncoding = 4; lastKnownFileType = sourcecode.cpp.h; name = GfxColor.hpp; path = SdlWrapper/GfxColor.hpp; sourceTree = "<group>"; };
		197459511E9552CF00AB302B /* GfxInitQuit.cpp */ = {isa = PBXFileReference; fileEncoding = 4; lastKnownFileType = sourcecode.cpp.cpp; name = GfxInitQuit.cpp; path = SdlWrapper/GfxInitQuit.cpp; sourceTree = "<group>"; };
		197459521E9552CF00AB302B /* GfxInitQuit.hpp */ = {isa = PBXFileReference; fileEncoding = 4; lastKnownFileType = sourcecode.cpp.h; name = GfxInitQuit.hpp; path = SdlWrapper/GfxInitQuit.hpp; sourceTree = "<group>"; };
		197459531E9552CF00AB302B /* GfxPalette.cpp */ = {isa = PBXFileReference; fileEncoding = 4; lastKnownFileType = sourcecode.cpp.cpp; name = GfxPalette.cpp; path = SdlWrapper/GfxPalette.cpp; sourceTree = "<group>"; };
		197459541E9552CF00AB302B /* GfxPalette.hpp */ = {isa = PBXFileReference; fileEncoding = 4; lastKnownFileType = sourcecode.cpp.h; name = GfxPalette.hpp; path = SdlWrapper/GfxPalette.hpp; sourceTree = "<group>"; };
		197459551E9552CF00AB302B /* GfxPoint.cpp */ = {isa = PBXFileReference; fileEncoding = 4; lastKnownFileType = sourcecode.cpp.cpp; name = GfxPoint.cpp; path = SdlWrapper/GfxPoint.cpp; sourceTree = "<group>"; };
		197459561E9552CF00AB302B /* GfxPoint.hpp */ = {isa = PBXFileReference; fileEncoding = 4; lastKnownFileType = sourcecode.cpp.h; name = GfxPoint.hpp; path = SdlWrapper/GfxPoint.hpp; sourceTree = "<group>"; };
		197459571E9552CF00AB302B /* GfxSdlHeader.hpp */ = {isa = PBXFileReference; fileEncoding = 4; lastKnownFileType = sourcecode.cpp.h; name = GfxSdlHeader.hpp; path = SdlWrapper/GfxSdlHeader.hpp; sourceTree = "<group>"; };
		1974595C1E9553DB00AB302B /* GfxFlip.cpp */ = {isa = PBXFileReference; fileEncoding = 4; lastKnownFileType = sourcecode.cpp.cpp; name = GfxFlip.cpp; path = SdlWrapper/GfxFlip.cpp; sourceTree = "<group>"; };
		1974595D1E9553DB00AB302B /* GfxFlip.hpp */ = {isa = PBXFileReference; fileEncoding = 4; lastKnownFileType = sourcecode.cpp.h; name = GfxFlip.hpp; path = SdlWrapper/GfxFlip.hpp; sourceTree = "<group>"; };
		1974595E1E9553DB00AB302B /* GfxPixelFormat.cpp */ = {isa = PBXFileReference; fileEncoding = 4; lastKnownFileType = sourcecode.cpp.cpp; name = GfxPixelFormat.cpp; path = SdlWrapper/GfxPixelFormat.cpp; sourceTree = "<group>"; };
		1974595F1E9553DB00AB302B /* GfxPixelFormat.hpp */ = {isa = PBXFileReference; fileEncoding = 4; lastKnownFileType = sourcecode.cpp.h; name = GfxPixelFormat.hpp; path = SdlWrapper/GfxPixelFormat.hpp; sourceTree = "<group>"; };
		197459601E9553DB00AB302B /* GfxRect.cpp */ = {isa = PBXFileReference; fileEncoding = 4; lastKnownFileType = sourcecode.cpp.cpp; name = GfxRect.cpp; path = SdlWrapper/GfxRect.cpp; sourceTree = "<group>"; };
		197459611E9553DB00AB302B /* GfxRect.hpp */ = {isa = PBXFileReference; fileEncoding = 4; lastKnownFileType = sourcecode.cpp.h; name = GfxRect.hpp; path = SdlWrapper/GfxRect.hpp; sourceTree = "<group>"; };
		197459621E9553DB00AB302B /* GfxRenderer.cpp */ = {isa = PBXFileReference; fileEncoding = 4; lastKnownFileType = sourcecode.cpp.cpp; name = GfxRenderer.cpp; path = SdlWrapper/GfxRenderer.cpp; sourceTree = "<group>"; };
		197459631E9553DB00AB302B /* GfxRenderer.hpp */ = {isa = PBXFileReference; fileEncoding = 4; lastKnownFileType = sourcecode.cpp.h; name = GfxRenderer.hpp; path = SdlWrapper/GfxRenderer.hpp; sourceTree = "<group>"; };
		197459641E9553DB00AB302B /* GfxSurface.cpp */ = {isa = PBXFileReference; fileEncoding = 4; lastKnownFileType = sourcecode.cpp.cpp; name = GfxSurface.cpp; path = SdlWrapper/GfxSurface.cpp; sourceTree = "<group>"; };
		197459651E9553DB00AB302B /* GfxSurface.hpp */ = {isa = PBXFileReference; fileEncoding = 4; lastKnownFileType = sourcecode.cpp.h; name = GfxSurface.hpp; path = SdlWrapper/GfxSurface.hpp; sourceTree = "<group>"; };
		197459661E9553DB00AB302B /* GfxTexture.cpp */ = {isa = PBXFileReference; fileEncoding = 4; lastKnownFileType = sourcecode.cpp.cpp; name = GfxTexture.cpp; path = SdlWrapper/GfxTexture.cpp; sourceTree = "<group>"; };
		197459671E9553DB00AB302B /* GfxTexture.hpp */ = {isa = PBXFileReference; fileEncoding = 4; lastKnownFileType = sourcecode.cpp.h; name = GfxTexture.hpp; path = SdlWrapper/GfxTexture.hpp; sourceTree = "<group>"; };
		197459681E9553DB00AB302B /* GfxWindow.cpp */ = {isa = PBXFileReference; fileEncoding = 4; lastKnownFileType = sourcecode.cpp.cpp; name = GfxWindow.cpp; path = SdlWrapper/GfxWindow.cpp; sourceTree = "<group>"; };
		197459691E9553DB00AB302B /* GfxWindow.hpp */ = {isa = PBXFileReference; fileEncoding = 4; lastKnownFileType = sourcecode.cpp.h; name = GfxWindow.hpp; path = SdlWrapper/GfxWindow.hpp; sourceTree = "<group>"; };
		19A84A4B1E94067A00C3E83C /* Playground.cpp */ = {isa = PBXFileReference; fileEncoding = 4; lastKnownFileType = sourcecode.cpp.cpp; path = Playground.cpp; sourceTree = "<group>"; };
		19A84A4C1E94067A00C3E83C /* Playground.hpp */ = {isa = PBXFileReference; fileEncoding = 4; lastKnownFileType = sourcecode.cpp.h; path = Playground.hpp; sourceTree = "<group>"; };
		19D3B6511E9A8C2700981390 /* GfxBlendMode.cpp */ = {isa = PBXFileReference; fileEncoding = 4; lastKnownFileType = sourcecode.cpp.cpp; name = GfxBlendMode.cpp; path = SdlWrapper/GfxBlendMode.cpp; sourceTree = "<group>"; };
		19D3B6521E9A8C2700981390 /* GfxBlendMode.hpp */ = {isa = PBXFileReference; fileEncoding = 4; lastKnownFileType = sourcecode.cpp.h; name = GfxBlendMode.hpp; path = SdlWrapper/GfxBlendMode.hpp; sourceTree = "<group>"; };
		19E492B71E9C005600D1D5C7 /* GfxConstants.cpp */ = {isa = PBXFileReference; fileEncoding = 4; lastKnownFileType = sourcecode.cpp.cpp; name = GfxConstants.cpp; path = SdlWrapper/GfxConstants.cpp; sourceTree = "<group>"; };
		19E492B81E9C005600D1D5C7 /* GfxConstants.hpp */ = {isa = PBXFileReference; fileEncoding = 4; lastKnownFileType = sourcecode.cpp.h; name = GfxConstants.hpp; path = SdlWrapper/GfxConstants.hpp; sourceTree = "<group>"; };
		19F226041EA275DF0042041B /* macOS.h */ = {isa = PBXFileReference; lastKnownFileType = sourcecode.c.h; name = macOS.h; path = macOS/macOS.h; sourceTree = "<group>"; };
		19F226061EA275FE0042041B /* Linux.h */ = {isa = PBXFileReference; lastKnownFileType = sourcecode.c.h; name = Linux.h; path = Linux/Linux.h; sourceTree = "<group>"; };
		79C808681EA083CA003DB94C /* GfxCanvas.cpp */ = {isa = PBXFileReference; fileEncoding = 4; lastKnownFileType = sourcecode.cpp.cpp; name = GfxCanvas.cpp; path = SdlWrapper/GfxCanvas.cpp; sourceTree = "<group>"; };
		79C808691EA083CA003DB94C /* GfxCanvas.hpp */ = {isa = PBXFileReference; fileEncoding = 4; lastKnownFileType = sourcecode.cpp.h; name = GfxCanvas.hpp; path = SdlWrapper/GfxCanvas.hpp; sourceTree = "<group>"; };
/* End PBXFileReference section */

/* Begin PBXFrameworksBuildPhase section */
		1915B7631E91101300147BDB /* Frameworks */ = {
			isa = PBXFrameworksBuildPhase;
			buildActionMask = 2147483647;
			files = (
				1915B7761E91103100147BDB /* SDL2.framework in Frameworks */,
				1915B7751E91103100147BDB /* SDL2_ttf.framework in Frameworks */,
				1915B7741E91103100147BDB /* SDL2_image.framework in Frameworks */,
			);
			runOnlyForDeploymentPostprocessing = 0;
		};
/* End PBXFrameworksBuildPhase section */

/* Begin PBXGroup section */
		1915B75D1E91101300147BDB = {
			isa = PBXGroup;
			children = (
				1915B7681E91101300147BDB /* cpp11sdl */,
				1915B7671E91101300147BDB /* Products */,
				1915B7701E91103100147BDB /* Frameworks */,
			);
			sourceTree = "<group>";
		};
		1915B7671E91101300147BDB /* Products */ = {
			isa = PBXGroup;
			children = (
				1915B7661E91101300147BDB /* cpp11sdl */,
			);
			name = Products;
			sourceTree = "<group>";
		};
		1915B7681E91101300147BDB /* cpp11sdl */ = {
			isa = PBXGroup;
			children = (
				1915B7691E91101300147BDB /* main.cpp */,
				19A84A4B1E94067A00C3E83C /* Playground.cpp */,
				19A84A4C1E94067A00C3E83C /* Playground.hpp */,
				19F226071EA276040042041B /* Linux */,
				19F226051EA275E60042041B /* macOS */,
				19BD5B5C1E9125F10043F8E1 /* SdlWrapper */,
			);
			path = cpp11sdl;
			sourceTree = "<group>";
		};
		1915B7701E91103100147BDB /* Frameworks */ = {
			isa = PBXGroup;
			children = (
				1915B7711E91103100147BDB /* SDL2_image.framework */,
				1915B7721E91103100147BDB /* SDL2_ttf.framework */,
				1915B7731E91103100147BDB /* SDL2.framework */,
			);
			name = Frameworks;
			sourceTree = "<group>";
		};
		19BD5B5C1E9125F10043F8E1 /* SdlWrapper */ = {
			isa = PBXGroup;
			children = (
				19D3B6511E9A8C2700981390 /* GfxBlendMode.cpp */,
				19D3B6521E9A8C2700981390 /* GfxBlendMode.hpp */,
				79C808681EA083CA003DB94C /* GfxCanvas.cpp */,
				79C808691EA083CA003DB94C /* GfxCanvas.hpp */,
				1974594F1E9552CF00AB302B /* GfxColor.cpp */,
				197459501E9552CF00AB302B /* GfxColor.hpp */,
				19E492B71E9C005600D1D5C7 /* GfxConstants.cpp */,
				19E492B81E9C005600D1D5C7 /* GfxConstants.hpp */,
				1974595C1E9553DB00AB302B /* GfxFlip.cpp */,
				1974595D1E9553DB00AB302B /* GfxFlip.hpp */,
				197459511E9552CF00AB302B /* GfxInitQuit.cpp */,
				197459521E9552CF00AB302B /* GfxInitQuit.hpp */,
				197459531E9552CF00AB302B /* GfxPalette.cpp */,
				197459541E9552CF00AB302B /* GfxPalette.hpp */,
				1974595E1E9553DB00AB302B /* GfxPixelFormat.cpp */,
				1974595F1E9553DB00AB302B /* GfxPixelFormat.hpp */,
				197459551E9552CF00AB302B /* GfxPoint.cpp */,
				197459561E9552CF00AB302B /* GfxPoint.hpp */,
				197459601E9553DB00AB302B /* GfxRect.cpp */,
				197459611E9553DB00AB302B /* GfxRect.hpp */,
				197459621E9553DB00AB302B /* GfxRenderer.cpp */,
				197459631E9553DB00AB302B /* GfxRenderer.hpp */,
				1942A3841E99377D00A7A5CD /* GfxRootClass.cpp */,
				1942A3851E99377D00A7A5CD /* GfxRootClass.hpp */,
				197459571E9552CF00AB302B /* GfxSdlHeader.hpp */,
				197459641E9553DB00AB302B /* GfxSurface.cpp */,
				197459651E9553DB00AB302B /* GfxSurface.hpp */,
				197459661E9553DB00AB302B /* GfxTexture.cpp */,
				197459671E9553DB00AB302B /* GfxTexture.hpp */,
				197459681E9553DB00AB302B /* GfxWindow.cpp */,
				197459691E9553DB00AB302B /* GfxWindow.hpp */,
			);
			name = SdlWrapper;
			sourceTree = "<group>";
		};
		19F226051EA275E60042041B /* macOS */ = {
			isa = PBXGroup;
			children = (
				19F226041EA275DF0042041B /* macOS.h */,
			);
			name = macOS;
			sourceTree = "<group>";
		};
		19F226071EA276040042041B /* Linux */ = {
			isa = PBXGroup;
			children = (
				19F226061EA275FE0042041B /* Linux.h */,
			);
			name = Linux;
			sourceTree = "<group>";
		};
/* End PBXGroup section */

/* Begin PBXNativeTarget section */
		1915B7651E91101300147BDB /* cpp11sdl */ = {
			isa = PBXNativeTarget;
			buildConfigurationList = 1915B76D1E91101300147BDB /* Build configuration list for PBXNativeTarget "cpp11sdl" */;
			buildPhases = (
				1915B7621E91101300147BDB /* Sources */,
				1915B7631E91101300147BDB /* Frameworks */,
				1915B7641E91101300147BDB /* CopyFiles */,
			);
			buildRules = (
			);
			dependencies = (
			);
			name = cpp11sdl;
			productName = cpp11sdl;
			productReference = 1915B7661E91101300147BDB /* cpp11sdl */;
			productType = "com.apple.product-type.tool";
		};
/* End PBXNativeTarget section */

/* Begin PBXProject section */
		1915B75E1E91101300147BDB /* Project object */ = {
			isa = PBXProject;
			attributes = {
				LastUpgradeCheck = 0830;
				ORGANIZATIONNAME = "George Oros";
				TargetAttributes = {
					1915B7651E91101300147BDB = {
						CreatedOnToolsVersion = 8.3;
						ProvisioningStyle = Automatic;
					};
				};
			};
			buildConfigurationList = 1915B7611E91101300147BDB /* Build configuration list for PBXProject "cpp11sdl" */;
			compatibilityVersion = "Xcode 3.2";
			developmentRegion = English;
			hasScannedForEncodings = 0;
			knownRegions = (
				en,
			);
			mainGroup = 1915B75D1E91101300147BDB;
			productRefGroup = 1915B7671E91101300147BDB /* Products */;
			projectDirPath = "";
			projectRoot = "";
			targets = (
				1915B7651E91101300147BDB /* cpp11sdl */,
			);
		};
/* End PBXProject section */

/* Begin PBXSourcesBuildPhase section */
		1915B7621E91101300147BDB /* Sources */ = {
			isa = PBXSourcesBuildPhase;
			buildActionMask = 2147483647;
			files = (
				1974595B1E9552CF00AB302B /* GfxPoint.cpp in Sources */,
				1974596F1E9553DB00AB302B /* GfxTexture.cpp in Sources */,
				79C8086A1EA083CA003DB94C /* GfxCanvas.cpp in Sources */,
				197459591E9552CF00AB302B /* GfxInitQuit.cpp in Sources */,
				19E492B91E9C005600D1D5C7 /* GfxConstants.cpp in Sources */,
				1915B76A1E91101300147BDB /* main.cpp in Sources */,
				1942A3861E99377D00A7A5CD /* GfxRootClass.cpp in Sources */,
				1974596B1E9553DB00AB302B /* GfxPixelFormat.cpp in Sources */,
				1974596C1E9553DB00AB302B /* GfxRect.cpp in Sources */,
				1974596A1E9553DB00AB302B /* GfxFlip.cpp in Sources */,
				1974596D1E9553DB00AB302B /* GfxRenderer.cpp in Sources */,
				19D3B6531E9A8C2700981390 /* GfxBlendMode.cpp in Sources */,
				197459581E9552CF00AB302B /* GfxColor.cpp in Sources */,
				1974596E1E9553DB00AB302B /* GfxSurface.cpp in Sources */,
				1974595A1E9552CF00AB302B /* GfxPalette.cpp in Sources */,
				197459701E9553DB00AB302B /* GfxWindow.cpp in Sources */,
				19A84A4D1E94067A00C3E83C /* Playground.cpp in Sources */,
			);
			runOnlyForDeploymentPostprocessing = 0;
		};
/* End PBXSourcesBuildPhase section */

/* Begin XCBuildConfiguration section */
		1915B76B1E91101300147BDB /* Debug */ = {
			isa = XCBuildConfiguration;
			buildSettings = {
				ALWAYS_SEARCH_USER_PATHS = NO;
				CLANG_ANALYZER_NONNULL = YES;
				CLANG_ANALYZER_NUMBER_OBJECT_CONVERSION = YES_AGGRESSIVE;
				CLANG_CXX_LANGUAGE_STANDARD = "gnu++0x";
				CLANG_CXX_LIBRARY = "libc++";
				CLANG_ENABLE_MODULES = YES;
				CLANG_ENABLE_OBJC_ARC = YES;
				CLANG_WARN_BOOL_CONVERSION = YES;
				CLANG_WARN_CONSTANT_CONVERSION = YES;
				CLANG_WARN_DIRECT_OBJC_ISA_USAGE = YES_ERROR;
				CLANG_WARN_DOCUMENTATION_COMMENTS = YES;
				CLANG_WARN_EMPTY_BODY = YES;
				CLANG_WARN_ENUM_CONVERSION = YES;
				CLANG_WARN_INFINITE_RECURSION = YES;
				CLANG_WARN_INT_CONVERSION = YES;
				CLANG_WARN_OBJC_ROOT_CLASS = YES_ERROR;
				CLANG_WARN_SUSPICIOUS_MOVE = YES;
				CLANG_WARN_UNREACHABLE_CODE = YES;
				CLANG_WARN__DUPLICATE_METHOD_MATCH = YES;
				CODE_SIGN_IDENTITY = "-";
				COPY_PHASE_STRIP = NO;
				DEBUG_INFORMATION_FORMAT = dwarf;
				ENABLE_STRICT_OBJC_MSGSEND = YES;
				ENABLE_TESTABILITY = YES;
				GCC_C_LANGUAGE_STANDARD = gnu99;
				GCC_DYNAMIC_NO_PIC = NO;
				GCC_NO_COMMON_BLOCKS = YES;
				GCC_OPTIMIZATION_LEVEL = 0;
				GCC_PREPROCESSOR_DEFINITIONS = (
					"DEBUG=1",
					"$(inherited)",
				);
				GCC_WARN_64_TO_32_BIT_CONVERSION = YES;
				GCC_WARN_ABOUT_RETURN_TYPE = YES_ERROR;
				GCC_WARN_UNDECLARED_SELECTOR = YES;
				GCC_WARN_UNINITIALIZED_AUTOS = YES_AGGRESSIVE;
				GCC_WARN_UNUSED_FUNCTION = YES;
				GCC_WARN_UNUSED_VARIABLE = YES;
				MACOSX_DEPLOYMENT_TARGET = 10.12;
				MTL_ENABLE_DEBUG_INFO = YES;
				ONLY_ACTIVE_ARCH = YES;
				SDKROOT = macosx;
			};
			name = Debug;
		};
		1915B76C1E91101300147BDB /* Release */ = {
			isa = XCBuildConfiguration;
			buildSettings = {
				ALWAYS_SEARCH_USER_PATHS = NO;
				CLANG_ANALYZER_NONNULL = YES;
				CLANG_ANALYZER_NUMBER_OBJECT_CONVERSION = YES_AGGRESSIVE;
				CLANG_CXX_LANGUAGE_STANDARD = "gnu++0x";
				CLANG_CXX_LIBRARY = "libc++";
				CLANG_ENABLE_MODULES = YES;
				CLANG_ENABLE_OBJC_ARC = YES;
				CLANG_WARN_BOOL_CONVERSION = YES;
				CLANG_WARN_CONSTANT_CONVERSION = YES;
				CLANG_WARN_DIRECT_OBJC_ISA_USAGE = YES_ERROR;
				CLANG_WARN_DOCUMENTATION_COMMENTS = YES;
				CLANG_WARN_EMPTY_BODY = YES;
				CLANG_WARN_ENUM_CONVERSION = YES;
				CLANG_WARN_INFINITE_RECURSION = YES;
				CLANG_WARN_INT_CONVERSION = YES;
				CLANG_WARN_OBJC_ROOT_CLASS = YES_ERROR;
				CLANG_WARN_SUSPICIOUS_MOVE = YES;
				CLANG_WARN_UNREACHABLE_CODE = YES;
				CLANG_WARN__DUPLICATE_METHOD_MATCH = YES;
				CODE_SIGN_IDENTITY = "-";
				COPY_PHASE_STRIP = NO;
				DEBUG_INFORMATION_FORMAT = "dwarf-with-dsym";
				ENABLE_NS_ASSERTIONS = NO;
				ENABLE_STRICT_OBJC_MSGSEND = YES;
				GCC_C_LANGUAGE_STANDARD = gnu99;
				GCC_NO_COMMON_BLOCKS = YES;
				GCC_WARN_64_TO_32_BIT_CONVERSION = YES;
				GCC_WARN_ABOUT_RETURN_TYPE = YES_ERROR;
				GCC_WARN_UNDECLARED_SELECTOR = YES;
				GCC_WARN_UNINITIALIZED_AUTOS = YES_AGGRESSIVE;
				GCC_WARN_UNUSED_FUNCTION = YES;
				GCC_WARN_UNUSED_VARIABLE = YES;
				MACOSX_DEPLOYMENT_TARGET = 10.12;
				MTL_ENABLE_DEBUG_INFO = NO;
				SDKROOT = macosx;
			};
			name = Release;
		};
		1915B76E1E91101300147BDB /* Debug */ = {
			isa = XCBuildConfiguration;
			buildSettings = {
				FRAMEWORK_SEARCH_PATHS = (
					"$(inherited)",
					"$(USER_LIBRARY_DIR)/Frameworks",
				);
				GCC_OPTIMIZATION_LEVEL = 0;
				LLVM_LTO = NO;
				MACOSX_DEPLOYMENT_TARGET = 10.11;
				PRODUCT_NAME = "$(TARGET_NAME)";
				RUN_CLANG_STATIC_ANALYZER = YES;
				SDKROOT = macosx;
			};
			name = Debug;
		};
		1915B76F1E91101300147BDB /* Release */ = {
			isa = XCBuildConfiguration;
			buildSettings = {
				FRAMEWORK_SEARCH_PATHS = (
					"$(inherited)",
					"$(USER_LIBRARY_DIR)/Frameworks",
				);
				GCC_OPTIMIZATION_LEVEL = 3;
				LLVM_LTO = NO;
				MACOSX_DEPLOYMENT_TARGET = 10.11;
				PRODUCT_NAME = "$(TARGET_NAME)";
				SDKROOT = macosx;
			};
			name = Release;
		};
/* End XCBuildConfiguration section */

/* Begin XCConfigurationList section */
		1915B7611E91101300147BDB /* Build configuration list for PBXProject "cpp11sdl" */ = {
			isa = XCConfigurationList;
			buildConfigurations = (
				1915B76B1E91101300147BDB /* Debug */,
				1915B76C1E91101300147BDB /* Release */,
			);
			defaultConfigurationIsVisible = 0;
			defaultConfigurationName = Release;
		};
		1915B76D1E91101300147BDB /* Build configuration list for PBXNativeTarget "cpp11sdl" */ = {
			isa = XCConfigurationList;
			buildConfigurations = (
				1915B76E1E91101300147BDB /* Debug */,
				1915B76F1E91101300147BDB /* Release */,
			);
			defaultConfigurationIsVisible = 0;
			defaultConfigurationName = Release;
		};
/* End XCConfigurationList section */
	};
	rootObject = 1915B75E1E91101300147BDB /* Project object */;
}
