// !$*UTF8*$!
{
	archiveVersion = 1;
	classes = {
	};
	objectVersion = 46;
	objects = {

/* Begin PBXBuildFile section */
		1915B76A1E91101300147BDB /* main.cpp in Sources */ = {isa = PBXBuildFile; fileRef = 1915B7691E91101300147BDB /* main.cpp */; };
		1915B7741E91103100147BDB /* SDL2_image.framework in Frameworks */ = {isa = PBXBuildFile; fileRef = 1915B7711E91103100147BDB /* SDL2_image.framework */; };
		1915B7751E91103100147BDB /* SDL2_ttf.framework in Frameworks */ = {isa = PBXBuildFile; fileRef = 1915B7721E91103100147BDB /* SDL2_ttf.framework */; };
		1915B7761E91103100147BDB /* SDL2.framework in Frameworks */ = {isa = PBXBuildFile; fileRef = 1915B7731E91103100147BDB /* SDL2.framework */; };
		19BD5B5B1E9124360043F8E1 /* SdlInitQuit.cpp in Sources */ = {isa = PBXBuildFile; fileRef = 19BD5B591E9124360043F8E1 /* SdlInitQuit.cpp */; };
		19F748331E912EFD00EB0C49 /* SdlColor.cpp in Sources */ = {isa = PBXBuildFile; fileRef = 19F748311E912EFD00EB0C49 /* SdlColor.cpp */; };
/* End PBXBuildFile section */

/* Begin PBXCopyFilesBuildPhase section */
		1915B7641E91101300147BDB /* CopyFiles */ = {
			isa = PBXCopyFilesBuildPhase;
			buildActionMask = 2147483647;
			dstPath = /usr/share/man/man1/;
			dstSubfolderSpec = 0;
			files = (
			);
			runOnlyForDeploymentPostprocessing = 1;
		};
/* End PBXCopyFilesBuildPhase section */

/* Begin PBXFileReference section */
		1915B7661E91101300147BDB /* cpp11sdl */ = {isa = PBXFileReference; explicitFileType = "compiled.mach-o.executable"; includeInIndex = 0; path = cpp11sdl; sourceTree = BUILT_PRODUCTS_DIR; };
		1915B7691E91101300147BDB /* main.cpp */ = {isa = PBXFileReference; lastKnownFileType = sourcecode.cpp.cpp; path = main.cpp; sourceTree = "<group>"; };
		1915B7711E91103100147BDB /* SDL2_image.framework */ = {isa = PBXFileReference; lastKnownFileType = wrapper.framework; name = SDL2_image.framework; path = ../../../Library/Frameworks/SDL2_image.framework; sourceTree = "<group>"; };
		1915B7721E91103100147BDB /* SDL2_ttf.framework */ = {isa = PBXFileReference; lastKnownFileType = wrapper.framework; name = SDL2_ttf.framework; path = ../../../Library/Frameworks/SDL2_ttf.framework; sourceTree = "<group>"; };
		1915B7731E91103100147BDB /* SDL2.framework */ = {isa = PBXFileReference; lastKnownFileType = wrapper.framework; name = SDL2.framework; path = ../../../Library/Frameworks/SDL2.framework; sourceTree = "<group>"; };
		19BD5B591E9124360043F8E1 /* SdlInitQuit.cpp */ = {isa = PBXFileReference; fileEncoding = 4; lastKnownFileType = sourcecode.cpp.cpp; name = SdlInitQuit.cpp; path = SdlWrapper/SdlInitQuit.cpp; sourceTree = "<group>"; };
		19BD5B5A1E9124360043F8E1 /* SdlInitQuit.hpp */ = {isa = PBXFileReference; fileEncoding = 4; lastKnownFileType = sourcecode.cpp.h; name = SdlInitQuit.hpp; path = SdlWrapper/SdlInitQuit.hpp; sourceTree = "<group>"; };
		19F748311E912EFD00EB0C49 /* SdlColor.cpp */ = {isa = PBXFileReference; fileEncoding = 4; lastKnownFileType = sourcecode.cpp.cpp; name = SdlColor.cpp; path = SdlWrapper/SdlColor.cpp; sourceTree = "<group>"; };
		19F748321E912EFD00EB0C49 /* SdlColor.hpp */ = {isa = PBXFileReference; fileEncoding = 4; lastKnownFileType = sourcecode.cpp.h; name = SdlColor.hpp; path = SdlWrapper/SdlColor.hpp; sourceTree = "<group>"; };
/* End PBXFileReference section */

/* Begin PBXFrameworksBuildPhase section */
		1915B7631E91101300147BDB /* Frameworks */ = {
			isa = PBXFrameworksBuildPhase;
			buildActionMask = 2147483647;
			files = (
				1915B7761E91103100147BDB /* SDL2.framework in Frameworks */,
				1915B7751E91103100147BDB /* SDL2_ttf.framework in Frameworks */,
				1915B7741E91103100147BDB /* SDL2_image.framework in Frameworks */,
			);
			runOnlyForDeploymentPostprocessing = 0;
		};
/* End PBXFrameworksBuildPhase section */

/* Begin PBXGroup section */
		1915B75D1E91101300147BDB = {
			isa = PBXGroup;
			children = (
				1915B7681E91101300147BDB /* cpp11sdl */,
				1915B7671E91101300147BDB /* Products */,
				1915B7701E91103100147BDB /* Frameworks */,
			);
			sourceTree = "<group>";
		};
		1915B7671E91101300147BDB /* Products */ = {
			isa = PBXGroup;
			children = (
				1915B7661E91101300147BDB /* cpp11sdl */,
			);
			name = Products;
			sourceTree = "<group>";
		};
		1915B7681E91101300147BDB /* cpp11sdl */ = {
			isa = PBXGroup;
			children = (
				1915B7691E91101300147BDB /* main.cpp */,
				19BD5B5C1E9125F10043F8E1 /* SdlWrapper */,
			);
			path = cpp11sdl;
			sourceTree = "<group>";
		};
		1915B7701E91103100147BDB /* Frameworks */ = {
			isa = PBXGroup;
			children = (
				1915B7711E91103100147BDB /* SDL2_image.framework */,
				1915B7721E91103100147BDB /* SDL2_ttf.framework */,
				1915B7731E91103100147BDB /* SDL2.framework */,
			);
			name = Frameworks;
			sourceTree = "<group>";
		};
		19BD5B5C1E9125F10043F8E1 /* SdlWrapper */ = {
			isa = PBXGroup;
			children = (
				19F748311E912EFD00EB0C49 /* SdlColor.cpp */,
				19F748321E912EFD00EB0C49 /* SdlColor.hpp */,
				19BD5B591E9124360043F8E1 /* SdlInitQuit.cpp */,
				19BD5B5A1E9124360043F8E1 /* SdlInitQuit.hpp */,
			);
			name = SdlWrapper;
			sourceTree = "<group>";
		};
/* End PBXGroup section */

/* Begin PBXNativeTarget section */
		1915B7651E91101300147BDB /* cpp11sdl */ = {
			isa = PBXNativeTarget;
			buildConfigurationList = 1915B76D1E91101300147BDB /* Build configuration list for PBXNativeTarget "cpp11sdl" */;
			buildPhases = (
				1915B7621E91101300147BDB /* Sources */,
				1915B7631E91101300147BDB /* Frameworks */,
				1915B7641E91101300147BDB /* CopyFiles */,
			);
			buildRules = (
			);
			dependencies = (
			);
			name = cpp11sdl;
			productName = cpp11sdl;
			productReference = 1915B7661E91101300147BDB /* cpp11sdl */;
			productType = "com.apple.product-type.tool";
		};
/* End PBXNativeTarget section */

/* Begin PBXProject section */
		1915B75E1E91101300147BDB /* Project object */ = {
			isa = PBXProject;
			attributes = {
				LastUpgradeCheck = 0830;
				ORGANIZATIONNAME = "George Oros";
				TargetAttributes = {
					1915B7651E91101300147BDB = {
						CreatedOnToolsVersion = 8.3;
						ProvisioningStyle = Automatic;
					};
				};
			};
			buildConfigurationList = 1915B7611E91101300147BDB /* Build configuration list for PBXProject "cpp11sdl" */;
			compatibilityVersion = "Xcode 3.2";
			developmentRegion = English;
			hasScannedForEncodings = 0;
			knownRegions = (
				en,
			);
			mainGroup = 1915B75D1E91101300147BDB;
			productRefGroup = 1915B7671E91101300147BDB /* Products */;
			projectDirPath = "";
			projectRoot = "";
			targets = (
				1915B7651E91101300147BDB /* cpp11sdl */,
			);
		};
/* End PBXProject section */

/* Begin PBXSourcesBuildPhase section */
		1915B7621E91101300147BDB /* Sources */ = {
			isa = PBXSourcesBuildPhase;
			buildActionMask = 2147483647;
			files = (
				19BD5B5B1E9124360043F8E1 /* SdlInitQuit.cpp in Sources */,
				1915B76A1E91101300147BDB /* main.cpp in Sources */,
				19F748331E912EFD00EB0C49 /* SdlColor.cpp in Sources */,
			);
			runOnlyForDeploymentPostprocessing = 0;
		};
/* End PBXSourcesBuildPhase section */

/* Begin XCBuildConfiguration section */
		1915B76B1E91101300147BDB /* Debug */ = {
			isa = XCBuildConfiguration;
			buildSettings = {
				ALWAYS_SEARCH_USER_PATHS = NO;
				CLANG_ANALYZER_NONNULL = YES;
				CLANG_ANALYZER_NUMBER_OBJECT_CONVERSION = YES_AGGRESSIVE;
				CLANG_CXX_LANGUAGE_STANDARD = "gnu++0x";
				CLANG_CXX_LIBRARY = "libc++";
				CLANG_ENABLE_MODULES = YES;
				CLANG_ENABLE_OBJC_ARC = YES;
				CLANG_WARN_BOOL_CONVERSION = YES;
				CLANG_WARN_CONSTANT_CONVERSION = YES;
				CLANG_WARN_DIRECT_OBJC_ISA_USAGE = YES_ERROR;
				CLANG_WARN_DOCUMENTATION_COMMENTS = YES;
				CLANG_WARN_EMPTY_BODY = YES;
				CLANG_WARN_ENUM_CONVERSION = YES;
				CLANG_WARN_INFINITE_RECURSION = YES;
				CLANG_WARN_INT_CONVERSION = YES;
				CLANG_WARN_OBJC_ROOT_CLASS = YES_ERROR;
				CLANG_WARN_SUSPICIOUS_MOVE = YES;
				CLANG_WARN_UNREACHABLE_CODE = YES;
				CLANG_WARN__DUPLICATE_METHOD_MATCH = YES;
				CODE_SIGN_IDENTITY = "-";
				COPY_PHASE_STRIP = NO;
				DEBUG_INFORMATION_FORMAT = dwarf;
				ENABLE_STRICT_OBJC_MSGSEND = YES;
				ENABLE_TESTABILITY = YES;
				GCC_C_LANGUAGE_STANDARD = gnu99;
				GCC_DYNAMIC_NO_PIC = NO;
				GCC_NO_COMMON_BLOCKS = YES;
				GCC_OPTIMIZATION_LEVEL = 0;
				GCC_PREPROCESSOR_DEFINITIONS = (
					"DEBUG=1",
					"$(inherited)",
				);
				GCC_WARN_64_TO_32_BIT_CONVERSION = YES;
				GCC_WARN_ABOUT_RETURN_TYPE = YES_ERROR;
				GCC_WARN_UNDECLARED_SELECTOR = YES;
				GCC_WARN_UNINITIALIZED_AUTOS = YES_AGGRESSIVE;
				GCC_WARN_UNUSED_FUNCTION = YES;
				GCC_WARN_UNUSED_VARIABLE = YES;
				MACOSX_DEPLOYMENT_TARGET = 10.12;
				MTL_ENABLE_DEBUG_INFO = YES;
				ONLY_ACTIVE_ARCH = YES;
				SDKROOT = macosx;
			};
			name = Debug;
		};
		1915B76C1E91101300147BDB /* Release */ = {
			isa = XCBuildConfiguration;
			buildSettings = {
				ALWAYS_SEARCH_USER_PATHS = NO;
				CLANG_ANALYZER_NONNULL = YES;
				CLANG_ANALYZER_NUMBER_OBJECT_CONVERSION = YES_AGGRESSIVE;
				CLANG_CXX_LANGUAGE_STANDARD = "gnu++0x";
				CLANG_CXX_LIBRARY = "libc++";
				CLANG_ENABLE_MODULES = YES;
				CLANG_ENABLE_OBJC_ARC = YES;
				CLANG_WARN_BOOL_CONVERSION = YES;
				CLANG_WARN_CONSTANT_CONVERSION = YES;
				CLANG_WARN_DIRECT_OBJC_ISA_USAGE = YES_ERROR;
				CLANG_WARN_DOCUMENTATION_COMMENTS = YES;
				CLANG_WARN_EMPTY_BODY = YES;
				CLANG_WARN_ENUM_CONVERSION = YES;
				CLANG_WARN_INFINITE_RECURSION = YES;
				CLANG_WARN_INT_CONVERSION = YES;
				CLANG_WARN_OBJC_ROOT_CLASS = YES_ERROR;
				CLANG_WARN_SUSPICIOUS_MOVE = YES;
				CLANG_WARN_UNREACHABLE_CODE = YES;
				CLANG_WARN__DUPLICATE_METHOD_MATCH = YES;
				CODE_SIGN_IDENTITY = "-";
				COPY_PHASE_STRIP = NO;
				DEBUG_INFORMATION_FORMAT = "dwarf-with-dsym";
				ENABLE_NS_ASSERTIONS = NO;
				ENABLE_STRICT_OBJC_MSGSEND = YES;
				GCC_C_LANGUAGE_STANDARD = gnu99;
				GCC_NO_COMMON_BLOCKS = YES;
				GCC_WARN_64_TO_32_BIT_CONVERSION = YES;
				GCC_WARN_ABOUT_RETURN_TYPE = YES_ERROR;
				GCC_WARN_UNDECLARED_SELECTOR = YES;
				GCC_WARN_UNINITIALIZED_AUTOS = YES_AGGRESSIVE;
				GCC_WARN_UNUSED_FUNCTION = YES;
				GCC_WARN_UNUSED_VARIABLE = YES;
				MACOSX_DEPLOYMENT_TARGET = 10.12;
				MTL_ENABLE_DEBUG_INFO = NO;
				SDKROOT = macosx;
			};
			name = Release;
		};
		1915B76E1E91101300147BDB /* Debug */ = {
			isa = XCBuildConfiguration;
			buildSettings = {
				FRAMEWORK_SEARCH_PATHS = (
					"$(inherited)",
					"$(USER_LIBRARY_DIR)/Frameworks",
				);
				PRODUCT_NAME = "$(TARGET_NAME)";
			};
			name = Debug;
		};
		1915B76F1E91101300147BDB /* Release */ = {
			isa = XCBuildConfiguration;
			buildSettings = {
				FRAMEWORK_SEARCH_PATHS = (
					"$(inherited)",
					"$(USER_LIBRARY_DIR)/Frameworks",
				);
				PRODUCT_NAME = "$(TARGET_NAME)";
			};
			name = Release;
		};
/* End XCBuildConfiguration section */

/* Begin XCConfigurationList section */
		1915B7611E91101300147BDB /* Build configuration list for PBXProject "cpp11sdl" */ = {
			isa = XCConfigurationList;
			buildConfigurations = (
				1915B76B1E91101300147BDB /* Debug */,
				1915B76C1E91101300147BDB /* Release */,
			);
			defaultConfigurationIsVisible = 0;
			defaultConfigurationName = Release;
		};
		1915B76D1E91101300147BDB /* Build configuration list for PBXNativeTarget "cpp11sdl" */ = {
			isa = XCConfigurationList;
			buildConfigurations = (
				1915B76E1E91101300147BDB /* Debug */,
				1915B76F1E91101300147BDB /* Release */,
			);
			defaultConfigurationIsVisible = 0;
			defaultConfigurationName = Release;
		};
/* End XCConfigurationList section */
	};
	rootObject = 1915B75E1E91101300147BDB /* Project object */;
}
