// !$*UTF8*$!
{
	archiveVersion = 1;
	classes = {
	};
	objectVersion = 46;
	objects = {

/* Begin PBXBuildFile section */
		190E5C8F1EB23A290045C666 /* GfxGetRendererInfo.cpp in Sources */ = {isa = PBXBuildFile; fileRef = 190E5C8B1EB23A290045C666 /* GfxGetRendererInfo.cpp */; };
		190E5C901EB23A290045C666 /* GfxRendererInfo.cpp in Sources */ = {isa = PBXBuildFile; fileRef = 190E5C8D1EB23A290045C666 /* GfxRendererInfo.cpp */; };
		1915B7741E91103100147BDB /* SDL2_image.framework in Frameworks */ = {isa = PBXBuildFile; fileRef = 1915B7711E91103100147BDB /* SDL2_image.framework */; };
		1915B7751E91103100147BDB /* SDL2_ttf.framework in Frameworks */ = {isa = PBXBuildFile; fileRef = 1915B7721E91103100147BDB /* SDL2_ttf.framework */; };
		1915B7761E91103100147BDB /* SDL2.framework in Frameworks */ = {isa = PBXBuildFile; fileRef = 1915B7731E91103100147BDB /* SDL2.framework */; };
		191DCD431EB0DC85006A1602 /* GfxRendererFlags.cpp in Sources */ = {isa = PBXBuildFile; fileRef = 191DCD411EB0DC85006A1602 /* GfxRendererFlags.cpp */; };
		191DCD461EB0E4D5006A1602 /* GfxTextureModulate.cpp in Sources */ = {isa = PBXBuildFile; fileRef = 191DCD441EB0E4D5006A1602 /* GfxTextureModulate.cpp */; };
		191DCD491EB1051F006A1602 /* GfxError.cpp in Sources */ = {isa = PBXBuildFile; fileRef = 191DCD471EB1051F006A1602 /* GfxError.cpp */; };
		191DCD4C1EB10ABC006A1602 /* GfxBool.cpp in Sources */ = {isa = PBXBuildFile; fileRef = 191DCD4A1EB10ABC006A1602 /* GfxBool.cpp */; };
		191DCD4F1EB10F6F006A1602 /* GfxMessageBoxColorType.cpp in Sources */ = {isa = PBXBuildFile; fileRef = 191DCD4D1EB10F6F006A1602 /* GfxMessageBoxColorType.cpp */; };
		192445E81EAF95B900147389 /* GfxFileSystem.cpp in Sources */ = {isa = PBXBuildFile; fileRef = 192445E61EAF95B900147389 /* GfxFileSystem.cpp */; };
		192445EB1EAF962500147389 /* GfxBits.cpp in Sources */ = {isa = PBXBuildFile; fileRef = 192445E91EAF962500147389 /* GfxBits.cpp */; };
		192445EE1EAF97E000147389 /* GfxClipboard.cpp in Sources */ = {isa = PBXBuildFile; fileRef = 192445EC1EAF97E000147389 /* GfxClipboard.cpp */; };
		192445F11EAF9B4100147389 /* GfxEndian.cpp in Sources */ = {isa = PBXBuildFile; fileRef = 192445EF1EAF9B4100147389 /* GfxEndian.cpp */; };
		192445F41EAFAA3400147389 /* GfxLoadSo.cpp in Sources */ = {isa = PBXBuildFile; fileRef = 192445F21EAFAA3400147389 /* GfxLoadSo.cpp */; };
		192A5B2D1EB4CF1D003BDDD1 /* GfxSurfaceFlags.cpp in Sources */ = {isa = PBXBuildFile; fileRef = 192A5B2B1EB4CF1D003BDDD1 /* GfxSurfaceFlags.cpp */; };
		192A5B301EB4D74F003BDDD1 /* GfxTextureAccess.cpp in Sources */ = {isa = PBXBuildFile; fileRef = 192A5B2E1EB4D74F003BDDD1 /* GfxTextureAccess.cpp */; };
		192A5B341EB4DECA003BDDD1 /* GObject.cpp in Sources */ = {isa = PBXBuildFile; fileRef = 192A5B321EB4DECA003BDDD1 /* GObject.cpp */; };
		192A5B381EB4E0EC003BDDD1 /* GAbortRetryIgnoreMsgBox.cpp in Sources */ = {isa = PBXBuildFile; fileRef = 192A5B361EB4E0EC003BDDD1 /* GAbortRetryIgnoreMsgBox.cpp */; };
		192A5B3B1EB4E1DB003BDDD1 /* GDialogsConstants.cpp in Sources */ = {isa = PBXBuildFile; fileRef = 192A5B391EB4E1DA003BDDD1 /* GDialogsConstants.cpp */; };
		192A5B411EB4E7D7003BDDD1 /* GApplication.cpp in Sources */ = {isa = PBXBuildFile; fileRef = 192A5B3F1EB4E7D7003BDDD1 /* GApplication.cpp */; };
		194410DF1EAB4C9D0064A6AA /* GfxBitmapFont.cpp in Sources */ = {isa = PBXBuildFile; fileRef = 194410D31EAB4C9D0064A6AA /* GfxBitmapFont.cpp */; };
		194410E01EAB4C9D0064A6AA /* GfxCanvas.cpp in Sources */ = {isa = PBXBuildFile; fileRef = 194410D51EAB4C9D0064A6AA /* GfxCanvas.cpp */; };
		194410E11EAB4C9D0064A6AA /* GfxCanvasBgi.cpp in Sources */ = {isa = PBXBuildFile; fileRef = 194410D71EAB4C9D0064A6AA /* GfxCanvasBgi.cpp */; };
		194410E21EAB4C9D0064A6AA /* GfxCanvasBgiData.cpp in Sources */ = {isa = PBXBuildFile; fileRef = 194410D91EAB4C9D0064A6AA /* GfxCanvasBgiData.cpp */; };
		194410E41EAB4C9D0064A6AA /* GfxBgiConstants.cpp in Sources */ = {isa = PBXBuildFile; fileRef = 194410DD1EAB4C9D0064A6AA /* GfxBgiConstants.cpp */; };
		194411001EAB4D9E0064A6AA /* GfxBlendMode.cpp in Sources */ = {isa = PBXBuildFile; fileRef = 194410E51EAB4D9E0064A6AA /* GfxBlendMode.cpp */; };
		194411011EAB4D9E0064A6AA /* GfxColor.cpp in Sources */ = {isa = PBXBuildFile; fileRef = 194410E71EAB4D9E0064A6AA /* GfxColor.cpp */; };
		194411021EAB4D9E0064A6AA /* GfxRendererFlip.cpp in Sources */ = {isa = PBXBuildFile; fileRef = 194410E91EAB4D9E0064A6AA /* GfxRendererFlip.cpp */; };
		194411031EAB4D9E0064A6AA /* GfxInitQuit.cpp in Sources */ = {isa = PBXBuildFile; fileRef = 194410EB1EAB4D9E0064A6AA /* GfxInitQuit.cpp */; };
		194411041EAB4D9E0064A6AA /* GfxPalette.cpp in Sources */ = {isa = PBXBuildFile; fileRef = 194410ED1EAB4D9E0064A6AA /* GfxPalette.cpp */; };
		194411051EAB4D9E0064A6AA /* GfxPixelFormat.cpp in Sources */ = {isa = PBXBuildFile; fileRef = 194410EF1EAB4D9E0064A6AA /* GfxPixelFormat.cpp */; };
		194411061EAB4D9E0064A6AA /* GfxPoint.cpp in Sources */ = {isa = PBXBuildFile; fileRef = 194410F11EAB4D9E0064A6AA /* GfxPoint.cpp */; };
		194411071EAB4D9E0064A6AA /* GfxRect.cpp in Sources */ = {isa = PBXBuildFile; fileRef = 194410F31EAB4D9E0064A6AA /* GfxRect.cpp */; };
		194411081EAB4D9E0064A6AA /* GfxRenderer.cpp in Sources */ = {isa = PBXBuildFile; fileRef = 194410F51EAB4D9E0064A6AA /* GfxRenderer.cpp */; };
		194411091EAB4D9E0064A6AA /* GfxRootClass.cpp in Sources */ = {isa = PBXBuildFile; fileRef = 194410F71EAB4D9E0064A6AA /* GfxRootClass.cpp */; };
		1944110A1EAB4D9E0064A6AA /* GfxSurface.cpp in Sources */ = {isa = PBXBuildFile; fileRef = 194410FA1EAB4D9E0064A6AA /* GfxSurface.cpp */; };
		1944110B1EAB4D9E0064A6AA /* GfxTexture.cpp in Sources */ = {isa = PBXBuildFile; fileRef = 194410FC1EAB4D9E0064A6AA /* GfxTexture.cpp */; };
		1944110C1EAB4D9E0064A6AA /* GfxWindow.cpp in Sources */ = {isa = PBXBuildFile; fileRef = 194410FE1EAB4D9E0064A6AA /* GfxWindow.cpp */; };
		195F7A081EAC862600C11D9F /* GfxCpuInfo.cpp in Sources */ = {isa = PBXBuildFile; fileRef = 195F7A061EAC862600C11D9F /* GfxCpuInfo.cpp */; };
		195F7A0B1EAC8E9B00C11D9F /* GfxPlatform.cpp in Sources */ = {isa = PBXBuildFile; fileRef = 195F7A091EAC8E9B00C11D9F /* GfxPlatform.cpp */; };
		195F7A0E1EAC920D00C11D9F /* GfxPowerState.cpp in Sources */ = {isa = PBXBuildFile; fileRef = 195F7A0C1EAC920D00C11D9F /* GfxPowerState.cpp */; };
		195F7A111EAC953100C11D9F /* GfxPowerInfo.cpp in Sources */ = {isa = PBXBuildFile; fileRef = 195F7A0F1EAC953100C11D9F /* GfxPowerInfo.cpp */; };
		195F7A151EACCD9A00C11D9F /* GfxScreenSaver.cpp in Sources */ = {isa = PBXBuildFile; fileRef = 195F7A131EACCD9A00C11D9F /* GfxScreenSaver.cpp */; };
		195F7A181EACCFD200C11D9F /* GfxDisplayMode.cpp in Sources */ = {isa = PBXBuildFile; fileRef = 195F7A161EACCFD200C11D9F /* GfxDisplayMode.cpp */; };
		195F7A1B1EACD52400C11D9F /* GfxWindowFlags.cpp in Sources */ = {isa = PBXBuildFile; fileRef = 195F7A191EACD52400C11D9F /* GfxWindowFlags.cpp */; };
		195F7A1E1EACDBA900C11D9F /* GfxWindowEventID.cpp in Sources */ = {isa = PBXBuildFile; fileRef = 195F7A1C1EACDBA900C11D9F /* GfxWindowEventID.cpp */; };
		195F7A211EACFBCB00C11D9F /* GfxVideo.cpp in Sources */ = {isa = PBXBuildFile; fileRef = 195F7A1F1EACFBCB00C11D9F /* GfxVideo.cpp */; };
		197D66471EAB41BF009B5EBB /* main.cpp in Sources */ = {isa = PBXBuildFile; fileRef = 197D66441EAB41BF009B5EBB /* main.cpp */; };
		197D66481EAB41BF009B5EBB /* Playground.cpp in Sources */ = {isa = PBXBuildFile; fileRef = 197D66451EAB41BF009B5EBB /* Playground.cpp */; };
		1995962D1EAB653A00B414E5 /* GfxMessageBoxData.cpp in Sources */ = {isa = PBXBuildFile; fileRef = 1995962B1EAB653A00B414E5 /* GfxMessageBoxData.cpp */; };
		199596301EAB684C00B414E5 /* GfxMessageBoxFlags.cpp in Sources */ = {isa = PBXBuildFile; fileRef = 1995962E1EAB684C00B414E5 /* GfxMessageBoxFlags.cpp */; };
		199596331EAB7CE500B414E5 /* GfxMessageBoxColor.cpp in Sources */ = {isa = PBXBuildFile; fileRef = 199596311EAB7CE500B414E5 /* GfxMessageBoxColor.cpp */; };
		199596361EAB7E3200B414E5 /* GfxMessageBoxColorScheme.cpp in Sources */ = {isa = PBXBuildFile; fileRef = 199596341EAB7E3200B414E5 /* GfxMessageBoxColorScheme.cpp */; };
		199596391EAB8FCA00B414E5 /* GfxMessageBoxButtonFlags.cpp in Sources */ = {isa = PBXBuildFile; fileRef = 199596371EAB8FCA00B414E5 /* GfxMessageBoxButtonFlags.cpp */; };
		1995963C1EAB92E300B414E5 /* GfxMessageBoxButtonData.cpp in Sources */ = {isa = PBXBuildFile; fileRef = 1995963A1EAB92E300B414E5 /* GfxMessageBoxButtonData.cpp */; };
		1995963F1EAB982F00B414E5 /* GfxMessageBox.cpp in Sources */ = {isa = PBXBuildFile; fileRef = 1995963D1EAB982F00B414E5 /* GfxMessageBox.cpp */; };
		19A8FAB71EAE561A00FFD332 /* GfxWindowPosition.cpp in Sources */ = {isa = PBXBuildFile; fileRef = 19A8FAB51EAE561A00FFD332 /* GfxWindowPosition.cpp */; };
		19B351FB1EB4F4B20020DCF4 /* GRetryCancelMsgBox.cpp in Sources */ = {isa = PBXBuildFile; fileRef = 19B351F91EB4F4B20020DCF4 /* GRetryCancelMsgBox.cpp */; };
		19B351FE1EB4FA110020DCF4 /* GOKCancelMsgBox.cpp in Sources */ = {isa = PBXBuildFile; fileRef = 19B351FC1EB4FA110020DCF4 /* GOKCancelMsgBox.cpp */; };
		19B352011EB4FAAF0020DCF4 /* GForm.cpp in Sources */ = {isa = PBXBuildFile; fileRef = 19B351FF1EB4FAAF0020DCF4 /* GForm.cpp */; };
		19B352071EB50E040020DCF4 /* GDemoApp.cpp in Sources */ = {isa = PBXBuildFile; fileRef = 19B352051EB50E040020DCF4 /* GDemoApp.cpp */; };
		19E091F41EC0E1C7000D95EB /* GQuitCancelMsgBox.cpp in Sources */ = {isa = PBXBuildFile; fileRef = 19E091F21EC0E1C7000D95EB /* GQuitCancelMsgBox.cpp */; };
		19F778351EAB4F96007E1C19 /* GfxRadius.cpp in Sources */ = {isa = PBXBuildFile; fileRef = 19F778331EAB4F96007E1C19 /* GfxRadius.cpp */; };
		19F778381EAB4FEC007E1C19 /* GfxAngle.cpp in Sources */ = {isa = PBXBuildFile; fileRef = 19F778361EAB4FEC007E1C19 /* GfxAngle.cpp */; };
		19F7783B1EAB5039007E1C19 /* GfxString.cpp in Sources */ = {isa = PBXBuildFile; fileRef = 19F778391EAB5039007E1C19 /* GfxString.cpp */; };
		19FA54021EAE7D5C009CD6E9 /* GfxVersion.cpp in Sources */ = {isa = PBXBuildFile; fileRef = 19FA54001EAE7D5C009CD6E9 /* GfxVersion.cpp */; };
		19FA54051EAE8095009CD6E9 /* GfxGetVersion.cpp in Sources */ = {isa = PBXBuildFile; fileRef = 19FA54031EAE8095009CD6E9 /* GfxGetVersion.cpp */; };
		79EEDA3B1EB6282C009CB6A1 /* GOKMsgBox.cpp in Sources */ = {isa = PBXBuildFile; fileRef = 79EEDA391EB6282C009CB6A1 /* GOKMsgBox.cpp */; };
/* End PBXBuildFile section */

/* Begin PBXCopyFilesBuildPhase section */
		1915B7641E91101300147BDB /* CopyFiles */ = {
			isa = PBXCopyFilesBuildPhase;
			buildActionMask = 2147483647;
			dstPath = /usr/share/man/man1/;
			dstSubfolderSpec = 0;
			files = (
			);
			runOnlyForDeploymentPostprocessing = 1;
		};
/* End PBXCopyFilesBuildPhase section */

/* Begin PBXFileReference section */
		190E5C8B1EB23A290045C666 /* GfxGetRendererInfo.cpp */ = {isa = PBXFileReference; fileEncoding = 4; lastKnownFileType = sourcecode.cpp.cpp; name = GfxGetRendererInfo.cpp; path = sdl2/GfxGetRendererInfo.cpp; sourceTree = "<group>"; };
		190E5C8C1EB23A290045C666 /* GfxGetRendererInfo.hpp */ = {isa = PBXFileReference; fileEncoding = 4; lastKnownFileType = sourcecode.cpp.h; name = GfxGetRendererInfo.hpp; path = sdl2/GfxGetRendererInfo.hpp; sourceTree = "<group>"; };
		190E5C8D1EB23A290045C666 /* GfxRendererInfo.cpp */ = {isa = PBXFileReference; fileEncoding = 4; lastKnownFileType = sourcecode.cpp.cpp; name = GfxRendererInfo.cpp; path = sdl2/GfxRendererInfo.cpp; sourceTree = "<group>"; };
		190E5C8E1EB23A290045C666 /* GfxRendererInfo.hpp */ = {isa = PBXFileReference; fileEncoding = 4; lastKnownFileType = sourcecode.cpp.h; name = GfxRendererInfo.hpp; path = sdl2/GfxRendererInfo.hpp; sourceTree = "<group>"; };
		1915B7661E91101300147BDB /* Giotto */ = {isa = PBXFileReference; explicitFileType = "compiled.mach-o.executable"; includeInIndex = 0; path = Giotto; sourceTree = BUILT_PRODUCTS_DIR; };
		1915B7711E91103100147BDB /* SDL2_image.framework */ = {isa = PBXFileReference; lastKnownFileType = wrapper.framework; name = SDL2_image.framework; path = ../../../Library/Frameworks/SDL2_image.framework; sourceTree = "<group>"; };
		1915B7721E91103100147BDB /* SDL2_ttf.framework */ = {isa = PBXFileReference; lastKnownFileType = wrapper.framework; name = SDL2_ttf.framework; path = ../../../Library/Frameworks/SDL2_ttf.framework; sourceTree = "<group>"; };
		1915B7731E91103100147BDB /* SDL2.framework */ = {isa = PBXFileReference; lastKnownFileType = wrapper.framework; name = SDL2.framework; path = ../../../Library/Frameworks/SDL2.framework; sourceTree = "<group>"; };
		191DCD411EB0DC85006A1602 /* GfxRendererFlags.cpp */ = {isa = PBXFileReference; fileEncoding = 4; lastKnownFileType = sourcecode.cpp.cpp; name = GfxRendererFlags.cpp; path = sdl2/GfxRendererFlags.cpp; sourceTree = "<group>"; };
		191DCD421EB0DC85006A1602 /* GfxRendererFlags.hpp */ = {isa = PBXFileReference; fileEncoding = 4; lastKnownFileType = sourcecode.cpp.h; name = GfxRendererFlags.hpp; path = sdl2/GfxRendererFlags.hpp; sourceTree = "<group>"; };
		191DCD441EB0E4D5006A1602 /* GfxTextureModulate.cpp */ = {isa = PBXFileReference; fileEncoding = 4; lastKnownFileType = sourcecode.cpp.cpp; name = GfxTextureModulate.cpp; path = sdl2/GfxTextureModulate.cpp; sourceTree = "<group>"; };
		191DCD451EB0E4D5006A1602 /* GfxTextureModulate.hpp */ = {isa = PBXFileReference; fileEncoding = 4; lastKnownFileType = sourcecode.cpp.h; name = GfxTextureModulate.hpp; path = sdl2/GfxTextureModulate.hpp; sourceTree = "<group>"; };
		191DCD471EB1051F006A1602 /* GfxError.cpp */ = {isa = PBXFileReference; fileEncoding = 4; lastKnownFileType = sourcecode.cpp.cpp; name = GfxError.cpp; path = sdl2/GfxError.cpp; sourceTree = "<group>"; };
		191DCD481EB1051F006A1602 /* GfxError.hpp */ = {isa = PBXFileReference; fileEncoding = 4; lastKnownFileType = sourcecode.cpp.h; name = GfxError.hpp; path = sdl2/GfxError.hpp; sourceTree = "<group>"; };
		191DCD4A1EB10ABC006A1602 /* GfxBool.cpp */ = {isa = PBXFileReference; fileEncoding = 4; lastKnownFileType = sourcecode.cpp.cpp; name = GfxBool.cpp; path = sdl2/GfxBool.cpp; sourceTree = "<group>"; };
		191DCD4B1EB10ABC006A1602 /* GfxBool.hpp */ = {isa = PBXFileReference; fileEncoding = 4; lastKnownFileType = sourcecode.cpp.h; name = GfxBool.hpp; path = sdl2/GfxBool.hpp; sourceTree = "<group>"; };
		191DCD4D1EB10F6F006A1602 /* GfxMessageBoxColorType.cpp */ = {isa = PBXFileReference; fileEncoding = 4; lastKnownFileType = sourcecode.cpp.cpp; name = GfxMessageBoxColorType.cpp; path = sdl2/GfxMessageBoxColorType.cpp; sourceTree = "<group>"; };
		191DCD4E1EB10F6F006A1602 /* GfxMessageBoxColorType.hpp */ = {isa = PBXFileReference; fileEncoding = 4; lastKnownFileType = sourcecode.cpp.h; name = GfxMessageBoxColorType.hpp; path = sdl2/GfxMessageBoxColorType.hpp; sourceTree = "<group>"; };
		192445E61EAF95B900147389 /* GfxFileSystem.cpp */ = {isa = PBXFileReference; fileEncoding = 4; lastKnownFileType = sourcecode.cpp.cpp; name = GfxFileSystem.cpp; path = sdl2/GfxFileSystem.cpp; sourceTree = "<group>"; };
		192445E71EAF95B900147389 /* GfxFileSystem.hpp */ = {isa = PBXFileReference; fileEncoding = 4; lastKnownFileType = sourcecode.cpp.h; name = GfxFileSystem.hpp; path = sdl2/GfxFileSystem.hpp; sourceTree = "<group>"; };
		192445E91EAF962500147389 /* GfxBits.cpp */ = {isa = PBXFileReference; fileEncoding = 4; lastKnownFileType = sourcecode.cpp.cpp; name = GfxBits.cpp; path = sdl2/GfxBits.cpp; sourceTree = "<group>"; };
		192445EA1EAF962500147389 /* GfxBits.hpp */ = {isa = PBXFileReference; fileEncoding = 4; lastKnownFileType = sourcecode.cpp.h; name = GfxBits.hpp; path = sdl2/GfxBits.hpp; sourceTree = "<group>"; };
		192445EC1EAF97E000147389 /* GfxClipboard.cpp */ = {isa = PBXFileReference; fileEncoding = 4; lastKnownFileType = sourcecode.cpp.cpp; name = GfxClipboard.cpp; path = sdl2/GfxClipboard.cpp; sourceTree = "<group>"; };
		192445ED1EAF97E000147389 /* GfxClipboard.hpp */ = {isa = PBXFileReference; fileEncoding = 4; lastKnownFileType = sourcecode.cpp.h; name = GfxClipboard.hpp; path = sdl2/GfxClipboard.hpp; sourceTree = "<group>"; };
		192445EF1EAF9B4100147389 /* GfxEndian.cpp */ = {isa = PBXFileReference; fileEncoding = 4; lastKnownFileType = sourcecode.cpp.cpp; name = GfxEndian.cpp; path = sdl2/GfxEndian.cpp; sourceTree = "<group>"; };
		192445F01EAF9B4100147389 /* GfxEndian.hpp */ = {isa = PBXFileReference; fileEncoding = 4; lastKnownFileType = sourcecode.cpp.h; name = GfxEndian.hpp; path = sdl2/GfxEndian.hpp; sourceTree = "<group>"; };
		192445F21EAFAA3400147389 /* GfxLoadSo.cpp */ = {isa = PBXFileReference; fileEncoding = 4; lastKnownFileType = sourcecode.cpp.cpp; name = GfxLoadSo.cpp; path = sdl2/GfxLoadSo.cpp; sourceTree = "<group>"; };
		192445F31EAFAA3400147389 /* GfxLoadSo.hpp */ = {isa = PBXFileReference; fileEncoding = 4; lastKnownFileType = sourcecode.cpp.h; name = GfxLoadSo.hpp; path = sdl2/GfxLoadSo.hpp; sourceTree = "<group>"; };
		192A5B2B1EB4CF1D003BDDD1 /* GfxSurfaceFlags.cpp */ = {isa = PBXFileReference; fileEncoding = 4; lastKnownFileType = sourcecode.cpp.cpp; name = GfxSurfaceFlags.cpp; path = sdl2/GfxSurfaceFlags.cpp; sourceTree = "<group>"; };
		192A5B2C1EB4CF1D003BDDD1 /* GfxSurfaceFlags.hpp */ = {isa = PBXFileReference; fileEncoding = 4; lastKnownFileType = sourcecode.cpp.h; name = GfxSurfaceFlags.hpp; path = sdl2/GfxSurfaceFlags.hpp; sourceTree = "<group>"; };
		192A5B2E1EB4D74F003BDDD1 /* GfxTextureAccess.cpp */ = {isa = PBXFileReference; fileEncoding = 4; lastKnownFileType = sourcecode.cpp.cpp; name = GfxTextureAccess.cpp; path = sdl2/GfxTextureAccess.cpp; sourceTree = "<group>"; };
		192A5B2F1EB4D74F003BDDD1 /* GfxTextureAccess.hpp */ = {isa = PBXFileReference; fileEncoding = 4; lastKnownFileType = sourcecode.cpp.h; name = GfxTextureAccess.hpp; path = sdl2/GfxTextureAccess.hpp; sourceTree = "<group>"; };
		192A5B321EB4DECA003BDDD1 /* GObject.cpp */ = {isa = PBXFileReference; fileEncoding = 4; lastKnownFileType = sourcecode.cpp.cpp; name = GObject.cpp; path = giotto/GObject.cpp; sourceTree = "<group>"; };
		192A5B331EB4DECA003BDDD1 /* GObject.hpp */ = {isa = PBXFileReference; fileEncoding = 4; lastKnownFileType = sourcecode.cpp.h; name = GObject.hpp; path = giotto/GObject.hpp; sourceTree = "<group>"; };
		192A5B361EB4E0EC003BDDD1 /* GAbortRetryIgnoreMsgBox.cpp */ = {isa = PBXFileReference; fileEncoding = 4; lastKnownFileType = sourcecode.cpp.cpp; name = GAbortRetryIgnoreMsgBox.cpp; path = gdialogs/GAbortRetryIgnoreMsgBox.cpp; sourceTree = "<group>"; };
		192A5B371EB4E0EC003BDDD1 /* GAbortRetryIgnoreMsgBox.hpp */ = {isa = PBXFileReference; fileEncoding = 4; lastKnownFileType = sourcecode.cpp.h; name = GAbortRetryIgnoreMsgBox.hpp; path = gdialogs/GAbortRetryIgnoreMsgBox.hpp; sourceTree = "<group>"; };
		192A5B391EB4E1DA003BDDD1 /* GDialogsConstants.cpp */ = {isa = PBXFileReference; fileEncoding = 4; lastKnownFileType = sourcecode.cpp.cpp; name = GDialogsConstants.cpp; path = gdialogs/GDialogsConstants.cpp; sourceTree = "<group>"; };
		192A5B3A1EB4E1DB003BDDD1 /* GDialogsConstants.hpp */ = {isa = PBXFileReference; fileEncoding = 4; lastKnownFileType = sourcecode.cpp.h; name = GDialogsConstants.hpp; path = gdialogs/GDialogsConstants.hpp; sourceTree = "<group>"; };
		192A5B3F1EB4E7D7003BDDD1 /* GApplication.cpp */ = {isa = PBXFileReference; fileEncoding = 4; lastKnownFileType = sourcecode.cpp.cpp; name = GApplication.cpp; path = giotto/GApplication.cpp; sourceTree = "<group>"; };
		192A5B401EB4E7D7003BDDD1 /* GApplication.hpp */ = {isa = PBXFileReference; fileEncoding = 4; lastKnownFileType = sourcecode.cpp.h; name = GApplication.hpp; path = giotto/GApplication.hpp; sourceTree = "<group>"; };
		194410C71EAB4B8B0064A6AA /* Linux.h */ = {isa = PBXFileReference; fileEncoding = 4; lastKnownFileType = sourcecode.c.h; name = Linux.h; path = platform/Linux.h; sourceTree = "<group>"; };
		194410C81EAB4B8B0064A6AA /* macOS.h */ = {isa = PBXFileReference; fileEncoding = 4; lastKnownFileType = sourcecode.c.h; name = macOS.h; path = platform/macOS.h; sourceTree = "<group>"; };
		194410C91EAB4BC20064A6AA /* fntAntique.hpp */ = {isa = PBXFileReference; fileEncoding = 4; lastKnownFileType = sourcecode.cpp.h; name = fntAntique.hpp; path = bgi/fntAntique.hpp; sourceTree = "<group>"; };
		194410CA1EAB4BC20064A6AA /* fntBroadway.hpp */ = {isa = PBXFileReference; fileEncoding = 4; lastKnownFileType = sourcecode.cpp.h; name = fntBroadway.hpp; path = bgi/fntBroadway.hpp; sourceTree = "<group>"; };
		194410CB1EAB4BC20064A6AA /* fntCourrier.hpp */ = {isa = PBXFileReference; fileEncoding = 4; lastKnownFileType = sourcecode.cpp.h; name = fntCourrier.hpp; path = bgi/fntCourrier.hpp; sourceTree = "<group>"; };
		194410CC1EAB4BC20064A6AA /* fntDragon.hpp */ = {isa = PBXFileReference; fileEncoding = 4; lastKnownFileType = sourcecode.cpp.h; name = fntDragon.hpp; path = bgi/fntDragon.hpp; sourceTree = "<group>"; };
		194410CD1EAB4BC20064A6AA /* fntMedieval.hpp */ = {isa = PBXFileReference; fileEncoding = 4; lastKnownFileType = sourcecode.cpp.h; name = fntMedieval.hpp; path = bgi/fntMedieval.hpp; sourceTree = "<group>"; };
		194410CE1EAB4BC20064A6AA /* fntRoman.hpp */ = {isa = PBXFileReference; fileEncoding = 4; lastKnownFileType = sourcecode.cpp.h; name = fntRoman.hpp; path = bgi/fntRoman.hpp; sourceTree = "<group>"; };
		194410CF1EAB4BC20064A6AA /* fntSansserif.hpp */ = {isa = PBXFileReference; fileEncoding = 4; lastKnownFileType = sourcecode.cpp.h; name = fntSansserif.hpp; path = bgi/fntSansserif.hpp; sourceTree = "<group>"; };
		194410D01EAB4BC20064A6AA /* fntScript.hpp */ = {isa = PBXFileReference; fileEncoding = 4; lastKnownFileType = sourcecode.cpp.h; name = fntScript.hpp; path = bgi/fntScript.hpp; sourceTree = "<group>"; };
		194410D11EAB4BC20064A6AA /* fntStandard8x16.hpp */ = {isa = PBXFileReference; fileEncoding = 4; lastKnownFileType = sourcecode.cpp.h; name = fntStandard8x16.hpp; path = bgi/fntStandard8x16.hpp; sourceTree = "<group>"; };
		194410D21EAB4BC20064A6AA /* fntWacky.hpp */ = {isa = PBXFileReference; fileEncoding = 4; lastKnownFileType = sourcecode.cpp.h; name = fntWacky.hpp; path = bgi/fntWacky.hpp; sourceTree = "<group>"; };
		194410D31EAB4C9D0064A6AA /* GfxBitmapFont.cpp */ = {isa = PBXFileReference; fileEncoding = 4; lastKnownFileType = sourcecode.cpp.cpp; name = GfxBitmapFont.cpp; path = bgi/GfxBitmapFont.cpp; sourceTree = "<group>"; };
		194410D41EAB4C9D0064A6AA /* GfxBitmapFont.hpp */ = {isa = PBXFileReference; fileEncoding = 4; lastKnownFileType = sourcecode.cpp.h; name = GfxBitmapFont.hpp; path = bgi/GfxBitmapFont.hpp; sourceTree = "<group>"; };
		194410D51EAB4C9D0064A6AA /* GfxCanvas.cpp */ = {isa = PBXFileReference; fileEncoding = 4; lastKnownFileType = sourcecode.cpp.cpp; name = GfxCanvas.cpp; path = bgi/GfxCanvas.cpp; sourceTree = "<group>"; };
		194410D61EAB4C9D0064A6AA /* GfxCanvas.hpp */ = {isa = PBXFileReference; fileEncoding = 4; lastKnownFileType = sourcecode.cpp.h; name = GfxCanvas.hpp; path = bgi/GfxCanvas.hpp; sourceTree = "<group>"; };
		194410D71EAB4C9D0064A6AA /* GfxCanvasBgi.cpp */ = {isa = PBXFileReference; fileEncoding = 4; lastKnownFileType = sourcecode.cpp.cpp; name = GfxCanvasBgi.cpp; path = bgi/GfxCanvasBgi.cpp; sourceTree = "<group>"; };
		194410D81EAB4C9D0064A6AA /* GfxCanvasBgi.hpp */ = {isa = PBXFileReference; fileEncoding = 4; lastKnownFileType = sourcecode.cpp.h; name = GfxCanvasBgi.hpp; path = bgi/GfxCanvasBgi.hpp; sourceTree = "<group>"; };
		194410D91EAB4C9D0064A6AA /* GfxCanvasBgiData.cpp */ = {isa = PBXFileReference; fileEncoding = 4; lastKnownFileType = sourcecode.cpp.cpp; name = GfxCanvasBgiData.cpp; path = bgi/GfxCanvasBgiData.cpp; sourceTree = "<group>"; };
		194410DA1EAB4C9D0064A6AA /* GfxCanvasBgiData.hpp */ = {isa = PBXFileReference; fileEncoding = 4; lastKnownFileType = sourcecode.cpp.h; name = GfxCanvasBgiData.hpp; path = bgi/GfxCanvasBgiData.hpp; sourceTree = "<group>"; };
		194410DD1EAB4C9D0064A6AA /* GfxBgiConstants.cpp */ = {isa = PBXFileReference; fileEncoding = 4; lastKnownFileType = sourcecode.cpp.cpp; name = GfxBgiConstants.cpp; path = bgi/GfxBgiConstants.cpp; sourceTree = "<group>"; };
		194410DE1EAB4C9D0064A6AA /* GfxBgiConstants.hpp */ = {isa = PBXFileReference; fileEncoding = 4; lastKnownFileType = sourcecode.cpp.h; name = GfxBgiConstants.hpp; path = bgi/GfxBgiConstants.hpp; sourceTree = "<group>"; };
		194410E51EAB4D9E0064A6AA /* GfxBlendMode.cpp */ = {isa = PBXFileReference; fileEncoding = 4; lastKnownFileType = sourcecode.cpp.cpp; name = GfxBlendMode.cpp; path = sdl2/GfxBlendMode.cpp; sourceTree = "<group>"; };
		194410E61EAB4D9E0064A6AA /* GfxBlendMode.hpp */ = {isa = PBXFileReference; fileEncoding = 4; lastKnownFileType = sourcecode.cpp.h; name = GfxBlendMode.hpp; path = sdl2/GfxBlendMode.hpp; sourceTree = "<group>"; };
		194410E71EAB4D9E0064A6AA /* GfxColor.cpp */ = {isa = PBXFileReference; fileEncoding = 4; lastKnownFileType = sourcecode.cpp.cpp; name = GfxColor.cpp; path = sdl2/GfxColor.cpp; sourceTree = "<group>"; };
		194410E81EAB4D9E0064A6AA /* GfxColor.hpp */ = {isa = PBXFileReference; fileEncoding = 4; lastKnownFileType = sourcecode.cpp.h; name = GfxColor.hpp; path = sdl2/GfxColor.hpp; sourceTree = "<group>"; };
		194410E91EAB4D9E0064A6AA /* GfxRendererFlip.cpp */ = {isa = PBXFileReference; fileEncoding = 4; lastKnownFileType = sourcecode.cpp.cpp; name = GfxRendererFlip.cpp; path = sdl2/GfxRendererFlip.cpp; sourceTree = "<group>"; };
		194410EA1EAB4D9E0064A6AA /* GfxRendererFlip.hpp */ = {isa = PBXFileReference; fileEncoding = 4; lastKnownFileType = sourcecode.cpp.h; name = GfxRendererFlip.hpp; path = sdl2/GfxRendererFlip.hpp; sourceTree = "<group>"; };
		194410EB1EAB4D9E0064A6AA /* GfxInitQuit.cpp */ = {isa = PBXFileReference; fileEncoding = 4; lastKnownFileType = sourcecode.cpp.cpp; name = GfxInitQuit.cpp; path = sdl2/GfxInitQuit.cpp; sourceTree = "<group>"; };
		194410EC1EAB4D9E0064A6AA /* GfxInitQuit.hpp */ = {isa = PBXFileReference; fileEncoding = 4; lastKnownFileType = sourcecode.cpp.h; name = GfxInitQuit.hpp; path = sdl2/GfxInitQuit.hpp; sourceTree = "<group>"; };
		194410ED1EAB4D9E0064A6AA /* GfxPalette.cpp */ = {isa = PBXFileReference; fileEncoding = 4; lastKnownFileType = sourcecode.cpp.cpp; name = GfxPalette.cpp; path = sdl2/GfxPalette.cpp; sourceTree = "<group>"; };
		194410EE1EAB4D9E0064A6AA /* GfxPalette.hpp */ = {isa = PBXFileReference; fileEncoding = 4; lastKnownFileType = sourcecode.cpp.h; name = GfxPalette.hpp; path = sdl2/GfxPalette.hpp; sourceTree = "<group>"; };
		194410EF1EAB4D9E0064A6AA /* GfxPixelFormat.cpp */ = {isa = PBXFileReference; fileEncoding = 4; lastKnownFileType = sourcecode.cpp.cpp; name = GfxPixelFormat.cpp; path = sdl2/GfxPixelFormat.cpp; sourceTree = "<group>"; };
		194410F01EAB4D9E0064A6AA /* GfxPixelFormat.hpp */ = {isa = PBXFileReference; fileEncoding = 4; lastKnownFileType = sourcecode.cpp.h; name = GfxPixelFormat.hpp; path = sdl2/GfxPixelFormat.hpp; sourceTree = "<group>"; };
		194410F11EAB4D9E0064A6AA /* GfxPoint.cpp */ = {isa = PBXFileReference; fileEncoding = 4; lastKnownFileType = sourcecode.cpp.cpp; name = GfxPoint.cpp; path = sdl2/GfxPoint.cpp; sourceTree = "<group>"; };
		194410F21EAB4D9E0064A6AA /* GfxPoint.hpp */ = {isa = PBXFileReference; fileEncoding = 4; lastKnownFileType = sourcecode.cpp.h; name = GfxPoint.hpp; path = sdl2/GfxPoint.hpp; sourceTree = "<group>"; };
		194410F31EAB4D9E0064A6AA /* GfxRect.cpp */ = {isa = PBXFileReference; fileEncoding = 4; lastKnownFileType = sourcecode.cpp.cpp; name = GfxRect.cpp; path = sdl2/GfxRect.cpp; sourceTree = "<group>"; };
		194410F41EAB4D9E0064A6AA /* GfxRect.hpp */ = {isa = PBXFileReference; fileEncoding = 4; lastKnownFileType = sourcecode.cpp.h; name = GfxRect.hpp; path = sdl2/GfxRect.hpp; sourceTree = "<group>"; };
		194410F51EAB4D9E0064A6AA /* GfxRenderer.cpp */ = {isa = PBXFileReference; fileEncoding = 4; lastKnownFileType = sourcecode.cpp.cpp; name = GfxRenderer.cpp; path = sdl2/GfxRenderer.cpp; sourceTree = "<group>"; };
		194410F61EAB4D9E0064A6AA /* GfxRenderer.hpp */ = {isa = PBXFileReference; fileEncoding = 4; lastKnownFileType = sourcecode.cpp.h; name = GfxRenderer.hpp; path = sdl2/GfxRenderer.hpp; sourceTree = "<group>"; };
		194410F71EAB4D9E0064A6AA /* GfxRootClass.cpp */ = {isa = PBXFileReference; fileEncoding = 4; lastKnownFileType = sourcecode.cpp.cpp; name = GfxRootClass.cpp; path = sdl2/GfxRootClass.cpp; sourceTree = "<group>"; };
		194410F81EAB4D9E0064A6AA /* GfxRootClass.hpp */ = {isa = PBXFileReference; fileEncoding = 4; lastKnownFileType = sourcecode.cpp.h; name = GfxRootClass.hpp; path = sdl2/GfxRootClass.hpp; sourceTree = "<group>"; };
		194410F91EAB4D9E0064A6AA /* GfxSdlHeader.hpp */ = {isa = PBXFileReference; fileEncoding = 4; lastKnownFileType = sourcecode.cpp.h; name = GfxSdlHeader.hpp; path = sdl2/GfxSdlHeader.hpp; sourceTree = "<group>"; };
		194410FA1EAB4D9E0064A6AA /* GfxSurface.cpp */ = {isa = PBXFileReference; fileEncoding = 4; lastKnownFileType = sourcecode.cpp.cpp; name = GfxSurface.cpp; path = sdl2/GfxSurface.cpp; sourceTree = "<group>"; };
		194410FB1EAB4D9E0064A6AA /* GfxSurface.hpp */ = {isa = PBXFileReference; fileEncoding = 4; lastKnownFileType = sourcecode.cpp.h; name = GfxSurface.hpp; path = sdl2/GfxSurface.hpp; sourceTree = "<group>"; };
		194410FC1EAB4D9E0064A6AA /* GfxTexture.cpp */ = {isa = PBXFileReference; fileEncoding = 4; lastKnownFileType = sourcecode.cpp.cpp; name = GfxTexture.cpp; path = sdl2/GfxTexture.cpp; sourceTree = "<group>"; };
		194410FD1EAB4D9E0064A6AA /* GfxTexture.hpp */ = {isa = PBXFileReference; fileEncoding = 4; lastKnownFileType = sourcecode.cpp.h; name = GfxTexture.hpp; path = sdl2/GfxTexture.hpp; sourceTree = "<group>"; };
		194410FE1EAB4D9E0064A6AA /* GfxWindow.cpp */ = {isa = PBXFileReference; fileEncoding = 4; lastKnownFileType = sourcecode.cpp.cpp; name = GfxWindow.cpp; path = sdl2/GfxWindow.cpp; sourceTree = "<group>"; };
		194410FF1EAB4D9E0064A6AA /* GfxWindow.hpp */ = {isa = PBXFileReference; fileEncoding = 4; lastKnownFileType = sourcecode.cpp.h; name = GfxWindow.hpp; path = sdl2/GfxWindow.hpp; sourceTree = "<group>"; };
		195F7A061EAC862600C11D9F /* GfxCpuInfo.cpp */ = {isa = PBXFileReference; fileEncoding = 4; lastKnownFileType = sourcecode.cpp.cpp; name = GfxCpuInfo.cpp; path = sdl2/GfxCpuInfo.cpp; sourceTree = "<group>"; };
		195F7A071EAC862600C11D9F /* GfxCpuInfo.hpp */ = {isa = PBXFileReference; fileEncoding = 4; lastKnownFileType = sourcecode.cpp.h; name = GfxCpuInfo.hpp; path = sdl2/GfxCpuInfo.hpp; sourceTree = "<group>"; };
		195F7A091EAC8E9B00C11D9F /* GfxPlatform.cpp */ = {isa = PBXFileReference; fileEncoding = 4; lastKnownFileType = sourcecode.cpp.cpp; name = GfxPlatform.cpp; path = sdl2/GfxPlatform.cpp; sourceTree = "<group>"; };
		195F7A0A1EAC8E9B00C11D9F /* GfxPlatform.hpp */ = {isa = PBXFileReference; fileEncoding = 4; lastKnownFileType = sourcecode.cpp.h; name = GfxPlatform.hpp; path = sdl2/GfxPlatform.hpp; sourceTree = "<group>"; };
		195F7A0C1EAC920D00C11D9F /* GfxPowerState.cpp */ = {isa = PBXFileReference; fileEncoding = 4; lastKnownFileType = sourcecode.cpp.cpp; name = GfxPowerState.cpp; path = sdl2/GfxPowerState.cpp; sourceTree = "<group>"; };
		195F7A0D1EAC920D00C11D9F /* GfxPowerState.hpp */ = {isa = PBXFileReference; fileEncoding = 4; lastKnownFileType = sourcecode.cpp.h; name = GfxPowerState.hpp; path = sdl2/GfxPowerState.hpp; sourceTree = "<group>"; };
		195F7A0F1EAC953100C11D9F /* GfxPowerInfo.cpp */ = {isa = PBXFileReference; fileEncoding = 4; lastKnownFileType = sourcecode.cpp.cpp; name = GfxPowerInfo.cpp; path = sdl2/GfxPowerInfo.cpp; sourceTree = "<group>"; };
		195F7A101EAC953100C11D9F /* GfxPowerInfo.hpp */ = {isa = PBXFileReference; fileEncoding = 4; lastKnownFileType = sourcecode.cpp.h; name = GfxPowerInfo.hpp; path = sdl2/GfxPowerInfo.hpp; sourceTree = "<group>"; };
		195F7A121EACC94600C11D9F /* Windows.h */ = {isa = PBXFileReference; lastKnownFileType = sourcecode.c.h; name = Windows.h; path = platform/Windows.h; sourceTree = "<group>"; };
		195F7A131EACCD9A00C11D9F /* GfxScreenSaver.cpp */ = {isa = PBXFileReference; fileEncoding = 4; lastKnownFileType = sourcecode.cpp.cpp; name = GfxScreenSaver.cpp; path = sdl2/GfxScreenSaver.cpp; sourceTree = "<group>"; };
		195F7A141EACCD9A00C11D9F /* GfxScreenSaver.hpp */ = {isa = PBXFileReference; fileEncoding = 4; lastKnownFileType = sourcecode.cpp.h; name = GfxScreenSaver.hpp; path = sdl2/GfxScreenSaver.hpp; sourceTree = "<group>"; };
		195F7A161EACCFD200C11D9F /* GfxDisplayMode.cpp */ = {isa = PBXFileReference; fileEncoding = 4; lastKnownFileType = sourcecode.cpp.cpp; name = GfxDisplayMode.cpp; path = sdl2/GfxDisplayMode.cpp; sourceTree = "<group>"; };
		195F7A171EACCFD200C11D9F /* GfxDisplayMode.hpp */ = {isa = PBXFileReference; fileEncoding = 4; lastKnownFileType = sourcecode.cpp.h; name = GfxDisplayMode.hpp; path = sdl2/GfxDisplayMode.hpp; sourceTree = "<group>"; };
		195F7A191EACD52400C11D9F /* GfxWindowFlags.cpp */ = {isa = PBXFileReference; fileEncoding = 4; lastKnownFileType = sourcecode.cpp.cpp; name = GfxWindowFlags.cpp; path = sdl2/GfxWindowFlags.cpp; sourceTree = "<group>"; };
		195F7A1A1EACD52400C11D9F /* GfxWindowFlags.hpp */ = {isa = PBXFileReference; fileEncoding = 4; lastKnownFileType = sourcecode.cpp.h; name = GfxWindowFlags.hpp; path = sdl2/GfxWindowFlags.hpp; sourceTree = "<group>"; };
		195F7A1C1EACDBA900C11D9F /* GfxWindowEventID.cpp */ = {isa = PBXFileReference; fileEncoding = 4; lastKnownFileType = sourcecode.cpp.cpp; name = GfxWindowEventID.cpp; path = sdl2/GfxWindowEventID.cpp; sourceTree = "<group>"; };
		195F7A1D1EACDBA900C11D9F /* GfxWindowEventID.hpp */ = {isa = PBXFileReference; fileEncoding = 4; lastKnownFileType = sourcecode.cpp.h; name = GfxWindowEventID.hpp; path = sdl2/GfxWindowEventID.hpp; sourceTree = "<group>"; };
		195F7A1F1EACFBCB00C11D9F /* GfxVideo.cpp */ = {isa = PBXFileReference; fileEncoding = 4; lastKnownFileType = sourcecode.cpp.cpp; name = GfxVideo.cpp; path = sdl2/GfxVideo.cpp; sourceTree = "<group>"; };
		195F7A201EACFBCB00C11D9F /* GfxVideo.hpp */ = {isa = PBXFileReference; fileEncoding = 4; lastKnownFileType = sourcecode.cpp.h; name = GfxVideo.hpp; path = sdl2/GfxVideo.hpp; sourceTree = "<group>"; };
		197D66441EAB41BF009B5EBB /* main.cpp */ = {isa = PBXFileReference; fileEncoding = 4; lastKnownFileType = sourcecode.cpp.cpp; name = main.cpp; path = Giotto/main.cpp; sourceTree = SOURCE_ROOT; };
		197D66451EAB41BF009B5EBB /* Playground.cpp */ = {isa = PBXFileReference; fileEncoding = 4; lastKnownFileType = sourcecode.cpp.cpp; name = Playground.cpp; path = Giotto/Playground.cpp; sourceTree = SOURCE_ROOT; };
		197D66461EAB41BF009B5EBB /* Playground.hpp */ = {isa = PBXFileReference; fileEncoding = 4; lastKnownFileType = sourcecode.cpp.h; name = Playground.hpp; path = Giotto/Playground.hpp; sourceTree = SOURCE_ROOT; };
		1995962B1EAB653A00B414E5 /* GfxMessageBoxData.cpp */ = {isa = PBXFileReference; fileEncoding = 4; lastKnownFileType = sourcecode.cpp.cpp; name = GfxMessageBoxData.cpp; path = sdl2/GfxMessageBoxData.cpp; sourceTree = "<group>"; };
		1995962C1EAB653A00B414E5 /* GfxMessageBoxData.hpp */ = {isa = PBXFileReference; fileEncoding = 4; lastKnownFileType = sourcecode.cpp.h; name = GfxMessageBoxData.hpp; path = sdl2/GfxMessageBoxData.hpp; sourceTree = "<group>"; };
		1995962E1EAB684C00B414E5 /* GfxMessageBoxFlags.cpp */ = {isa = PBXFileReference; fileEncoding = 4; lastKnownFileType = sourcecode.cpp.cpp; name = GfxMessageBoxFlags.cpp; path = sdl2/GfxMessageBoxFlags.cpp; sourceTree = "<group>"; };
		1995962F1EAB684C00B414E5 /* GfxMessageBoxFlags.hpp */ = {isa = PBXFileReference; fileEncoding = 4; lastKnownFileType = sourcecode.cpp.h; name = GfxMessageBoxFlags.hpp; path = sdl2/GfxMessageBoxFlags.hpp; sourceTree = "<group>"; };
		199596311EAB7CE500B414E5 /* GfxMessageBoxColor.cpp */ = {isa = PBXFileReference; fileEncoding = 4; lastKnownFileType = sourcecode.cpp.cpp; name = GfxMessageBoxColor.cpp; path = sdl2/GfxMessageBoxColor.cpp; sourceTree = "<group>"; };
		199596321EAB7CE500B414E5 /* GfxMessageBoxColor.hpp */ = {isa = PBXFileReference; fileEncoding = 4; lastKnownFileType = sourcecode.cpp.h; name = GfxMessageBoxColor.hpp; path = sdl2/GfxMessageBoxColor.hpp; sourceTree = "<group>"; };
		199596341EAB7E3200B414E5 /* GfxMessageBoxColorScheme.cpp */ = {isa = PBXFileReference; fileEncoding = 4; lastKnownFileType = sourcecode.cpp.cpp; name = GfxMessageBoxColorScheme.cpp; path = sdl2/GfxMessageBoxColorScheme.cpp; sourceTree = "<group>"; };
		199596351EAB7E3200B414E5 /* GfxMessageBoxColorScheme.hpp */ = {isa = PBXFileReference; fileEncoding = 4; lastKnownFileType = sourcecode.cpp.h; name = GfxMessageBoxColorScheme.hpp; path = sdl2/GfxMessageBoxColorScheme.hpp; sourceTree = "<group>"; };
		199596371EAB8FCA00B414E5 /* GfxMessageBoxButtonFlags.cpp */ = {isa = PBXFileReference; fileEncoding = 4; lastKnownFileType = sourcecode.cpp.cpp; name = GfxMessageBoxButtonFlags.cpp; path = sdl2/GfxMessageBoxButtonFlags.cpp; sourceTree = "<group>"; };
		199596381EAB8FCA00B414E5 /* GfxMessageBoxButtonFlags.hpp */ = {isa = PBXFileReference; fileEncoding = 4; lastKnownFileType = sourcecode.cpp.h; name = GfxMessageBoxButtonFlags.hpp; path = sdl2/GfxMessageBoxButtonFlags.hpp; sourceTree = "<group>"; };
		1995963A1EAB92E300B414E5 /* GfxMessageBoxButtonData.cpp */ = {isa = PBXFileReference; fileEncoding = 4; lastKnownFileType = sourcecode.cpp.cpp; name = GfxMessageBoxButtonData.cpp; path = sdl2/GfxMessageBoxButtonData.cpp; sourceTree = "<group>"; };
		1995963B1EAB92E300B414E5 /* GfxMessageBoxButtonData.hpp */ = {isa = PBXFileReference; fileEncoding = 4; lastKnownFileType = sourcecode.cpp.h; name = GfxMessageBoxButtonData.hpp; path = sdl2/GfxMessageBoxButtonData.hpp; sourceTree = "<group>"; };
		1995963D1EAB982F00B414E5 /* GfxMessageBox.cpp */ = {isa = PBXFileReference; fileEncoding = 4; lastKnownFileType = sourcecode.cpp.cpp; name = GfxMessageBox.cpp; path = sdl2/GfxMessageBox.cpp; sourceTree = "<group>"; };
		1995963E1EAB982F00B414E5 /* GfxMessageBox.hpp */ = {isa = PBXFileReference; fileEncoding = 4; lastKnownFileType = sourcecode.cpp.h; name = GfxMessageBox.hpp; path = sdl2/GfxMessageBox.hpp; sourceTree = "<group>"; };
		19A8FAB51EAE561A00FFD332 /* GfxWindowPosition.cpp */ = {isa = PBXFileReference; fileEncoding = 4; lastKnownFileType = sourcecode.cpp.cpp; name = GfxWindowPosition.cpp; path = sdl2/GfxWindowPosition.cpp; sourceTree = "<group>"; };
		19A8FAB61EAE561A00FFD332 /* GfxWindowPosition.hpp */ = {isa = PBXFileReference; fileEncoding = 4; lastKnownFileType = sourcecode.cpp.h; name = GfxWindowPosition.hpp; path = sdl2/GfxWindowPosition.hpp; sourceTree = "<group>"; };
		19B351F91EB4F4B20020DCF4 /* GRetryCancelMsgBox.cpp */ = {isa = PBXFileReference; fileEncoding = 4; lastKnownFileType = sourcecode.cpp.cpp; name = GRetryCancelMsgBox.cpp; path = gdialogs/GRetryCancelMsgBox.cpp; sourceTree = "<group>"; };
		19B351FA1EB4F4B20020DCF4 /* GRetryCancelMsgBox.hpp */ = {isa = PBXFileReference; fileEncoding = 4; lastKnownFileType = sourcecode.cpp.h; name = GRetryCancelMsgBox.hpp; path = gdialogs/GRetryCancelMsgBox.hpp; sourceTree = "<group>"; };
		19B351FC1EB4FA110020DCF4 /* GOKCancelMsgBox.cpp */ = {isa = PBXFileReference; fileEncoding = 4; lastKnownFileType = sourcecode.cpp.cpp; name = GOKCancelMsgBox.cpp; path = gdialogs/GOKCancelMsgBox.cpp; sourceTree = "<group>"; };
		19B351FD1EB4FA110020DCF4 /* GOKCancelMsgBox.hpp */ = {isa = PBXFileReference; fileEncoding = 4; lastKnownFileType = sourcecode.cpp.h; name = GOKCancelMsgBox.hpp; path = gdialogs/GOKCancelMsgBox.hpp; sourceTree = "<group>"; };
		19B351FF1EB4FAAF0020DCF4 /* GForm.cpp */ = {isa = PBXFileReference; fileEncoding = 4; lastKnownFileType = sourcecode.cpp.cpp; name = GForm.cpp; path = giotto/GForm.cpp; sourceTree = "<group>"; };
		19B352001EB4FAAF0020DCF4 /* GForm.hpp */ = {isa = PBXFileReference; fileEncoding = 4; lastKnownFileType = sourcecode.cpp.h; name = GForm.hpp; path = giotto/GForm.hpp; sourceTree = "<group>"; };
		19B352051EB50E040020DCF4 /* GDemoApp.cpp */ = {isa = PBXFileReference; fileEncoding = 4; lastKnownFileType = sourcecode.cpp.cpp; path = GDemoApp.cpp; sourceTree = "<group>"; };
		19B352061EB50E040020DCF4 /* GDemoApp.hpp */ = {isa = PBXFileReference; fileEncoding = 4; lastKnownFileType = sourcecode.cpp.h; path = GDemoApp.hpp; sourceTree = "<group>"; };
		19E091F21EC0E1C7000D95EB /* GQuitCancelMsgBox.cpp */ = {isa = PBXFileReference; fileEncoding = 4; lastKnownFileType = sourcecode.cpp.cpp; name = GQuitCancelMsgBox.cpp; path = gdialogs/GQuitCancelMsgBox.cpp; sourceTree = "<group>"; };
		19E091F31EC0E1C7000D95EB /* GQuitCancelMsgBox.hpp */ = {isa = PBXFileReference; fileEncoding = 4; lastKnownFileType = sourcecode.cpp.h; name = GQuitCancelMsgBox.hpp; path = gdialogs/GQuitCancelMsgBox.hpp; sourceTree = "<group>"; };
		19F778331EAB4F96007E1C19 /* GfxRadius.cpp */ = {isa = PBXFileReference; fileEncoding = 4; lastKnownFileType = sourcecode.cpp.cpp; name = GfxRadius.cpp; path = bgi/GfxRadius.cpp; sourceTree = "<group>"; };
		19F778341EAB4F96007E1C19 /* GfxRadius.hpp */ = {isa = PBXFileReference; fileEncoding = 4; lastKnownFileType = sourcecode.cpp.h; name = GfxRadius.hpp; path = bgi/GfxRadius.hpp; sourceTree = "<group>"; };
		19F778361EAB4FEC007E1C19 /* GfxAngle.cpp */ = {isa = PBXFileReference; fileEncoding = 4; lastKnownFileType = sourcecode.cpp.cpp; name = GfxAngle.cpp; path = bgi/GfxAngle.cpp; sourceTree = "<group>"; };
		19F778371EAB4FEC007E1C19 /* GfxAngle.hpp */ = {isa = PBXFileReference; fileEncoding = 4; lastKnownFileType = sourcecode.cpp.h; name = GfxAngle.hpp; path = bgi/GfxAngle.hpp; sourceTree = "<group>"; };
		19F778391EAB5039007E1C19 /* GfxString.cpp */ = {isa = PBXFileReference; fileEncoding = 4; lastKnownFileType = sourcecode.cpp.cpp; name = GfxString.cpp; path = bgi/GfxString.cpp; sourceTree = "<group>"; };
		19F7783A1EAB5039007E1C19 /* GfxString.hpp */ = {isa = PBXFileReference; fileEncoding = 4; lastKnownFileType = sourcecode.cpp.h; name = GfxString.hpp; path = bgi/GfxString.hpp; sourceTree = "<group>"; };
		19FA54001EAE7D5C009CD6E9 /* GfxVersion.cpp */ = {isa = PBXFileReference; fileEncoding = 4; lastKnownFileType = sourcecode.cpp.cpp; name = GfxVersion.cpp; path = sdl2/GfxVersion.cpp; sourceTree = "<group>"; };
		19FA54011EAE7D5C009CD6E9 /* GfxVersion.hpp */ = {isa = PBXFileReference; fileEncoding = 4; lastKnownFileType = sourcecode.cpp.h; name = GfxVersion.hpp; path = sdl2/GfxVersion.hpp; sourceTree = "<group>"; };
		19FA54031EAE8095009CD6E9 /* GfxGetVersion.cpp */ = {isa = PBXFileReference; fileEncoding = 4; lastKnownFileType = sourcecode.cpp.cpp; name = GfxGetVersion.cpp; path = sdl2/GfxGetVersion.cpp; sourceTree = "<group>"; };
		19FA54041EAE8095009CD6E9 /* GfxGetVersion.hpp */ = {isa = PBXFileReference; fileEncoding = 4; lastKnownFileType = sourcecode.cpp.h; name = GfxGetVersion.hpp; path = sdl2/GfxGetVersion.hpp; sourceTree = "<group>"; };
		79EEDA391EB6282C009CB6A1 /* GOKMsgBox.cpp */ = {isa = PBXFileReference; fileEncoding = 4; lastKnownFileType = sourcecode.cpp.cpp; name = GOKMsgBox.cpp; path = gdialogs/GOKMsgBox.cpp; sourceTree = "<group>"; };
		79EEDA3A1EB6282C009CB6A1 /* GOKMsgBox.hpp */ = {isa = PBXFileReference; fileEncoding = 4; lastKnownFileType = sourcecode.cpp.h; name = GOKMsgBox.hpp; path = gdialogs/GOKMsgBox.hpp; sourceTree = "<group>"; };
/* End PBXFileReference section */

/* Begin PBXFrameworksBuildPhase section */
		1915B7631E91101300147BDB /* Frameworks */ = {
			isa = PBXFrameworksBuildPhase;
			buildActionMask = 2147483647;
			files = (
				1915B7761E91103100147BDB /* SDL2.framework in Frameworks */,
				1915B7751E91103100147BDB /* SDL2_ttf.framework in Frameworks */,
				1915B7741E91103100147BDB /* SDL2_image.framework in Frameworks */,
			);
			runOnlyForDeploymentPostprocessing = 0;
		};
/* End PBXFrameworksBuildPhase section */

/* Begin PBXGroup section */
		1915B75D1E91101300147BDB = {
			isa = PBXGroup;
			children = (
				1915B7681E91101300147BDB /* Giotto */,
				1915B7701E91103100147BDB /* Frameworks */,
				1915B7671E91101300147BDB /* Products */,
			);
			sourceTree = "<group>";
		};
		1915B7671E91101300147BDB /* Products */ = {
			isa = PBXGroup;
			children = (
				1915B7661E91101300147BDB /* Giotto */,
			);
			name = Products;
			sourceTree = "<group>";
		};
		1915B7681E91101300147BDB /* Giotto */ = {
			isa = PBXGroup;
			children = (
				19B352051EB50E040020DCF4 /* GDemoApp.cpp */,
				197D66441EAB41BF009B5EBB /* main.cpp */,
				197D66451EAB41BF009B5EBB /* Playground.cpp */,
				19B352061EB50E040020DCF4 /* GDemoApp.hpp */,
				197D66461EAB41BF009B5EBB /* Playground.hpp */,
				194410C51EAB4AC20064A6AA /* bgi */,
				192A5B351EB4E0C3003BDDD1 /* gdialogs */,
				192A5B311EB4DE91003BDDD1 /* giotto */,
				194410C61EAB4B0D0064A6AA /* platform */,
				19BD5B5C1E9125F10043F8E1 /* sdl2 */,
			);
			path = Giotto;
			sourceTree = "<group>";
		};
		1915B7701E91103100147BDB /* Frameworks */ = {
			isa = PBXGroup;
			children = (
				1915B7711E91103100147BDB /* SDL2_image.framework */,
				1915B7721E91103100147BDB /* SDL2_ttf.framework */,
				1915B7731E91103100147BDB /* SDL2.framework */,
			);
			name = Frameworks;
			sourceTree = "<group>";
		};
		192A5B311EB4DE91003BDDD1 /* giotto */ = {
			isa = PBXGroup;
			children = (
				192A5B3F1EB4E7D7003BDDD1 /* GApplication.cpp */,
				192A5B401EB4E7D7003BDDD1 /* GApplication.hpp */,
				19B351FF1EB4FAAF0020DCF4 /* GForm.cpp */,
				19B352001EB4FAAF0020DCF4 /* GForm.hpp */,
				192A5B321EB4DECA003BDDD1 /* GObject.cpp */,
				192A5B331EB4DECA003BDDD1 /* GObject.hpp */,
			);
			name = giotto;
			sourceTree = "<group>";
		};
		192A5B351EB4E0C3003BDDD1 /* gdialogs */ = {
			isa = PBXGroup;
			children = (
				192A5B361EB4E0EC003BDDD1 /* GAbortRetryIgnoreMsgBox.cpp */,
				192A5B371EB4E0EC003BDDD1 /* GAbortRetryIgnoreMsgBox.hpp */,
				192A5B391EB4E1DA003BDDD1 /* GDialogsConstants.cpp */,
				192A5B3A1EB4E1DB003BDDD1 /* GDialogsConstants.hpp */,
				19B351FC1EB4FA110020DCF4 /* GOKCancelMsgBox.cpp */,
				19B351FD1EB4FA110020DCF4 /* GOKCancelMsgBox.hpp */,
				79EEDA391EB6282C009CB6A1 /* GOKMsgBox.cpp */,
				79EEDA3A1EB6282C009CB6A1 /* GOKMsgBox.hpp */,
				19E091F21EC0E1C7000D95EB /* GQuitCancelMsgBox.cpp */,
				19E091F31EC0E1C7000D95EB /* GQuitCancelMsgBox.hpp */,
				19B351F91EB4F4B20020DCF4 /* GRetryCancelMsgBox.cpp */,
				19B351FA1EB4F4B20020DCF4 /* GRetryCancelMsgBox.hpp */,
			);
			name = gdialogs;
			sourceTree = "<group>";
		};
		194410C51EAB4AC20064A6AA /* bgi */ = {
			isa = PBXGroup;
			children = (
				194410C91EAB4BC20064A6AA /* fntAntique.hpp */,
				194410CA1EAB4BC20064A6AA /* fntBroadway.hpp */,
				194410CB1EAB4BC20064A6AA /* fntCourrier.hpp */,
				194410CC1EAB4BC20064A6AA /* fntDragon.hpp */,
				194410CD1EAB4BC20064A6AA /* fntMedieval.hpp */,
				194410CE1EAB4BC20064A6AA /* fntRoman.hpp */,
				194410CF1EAB4BC20064A6AA /* fntSansserif.hpp */,
				194410D01EAB4BC20064A6AA /* fntScript.hpp */,
				194410D11EAB4BC20064A6AA /* fntStandard8x16.hpp */,
				194410D21EAB4BC20064A6AA /* fntWacky.hpp */,
				19F778361EAB4FEC007E1C19 /* GfxAngle.cpp */,
				19F778371EAB4FEC007E1C19 /* GfxAngle.hpp */,
				194410D31EAB4C9D0064A6AA /* GfxBitmapFont.cpp */,
				194410D41EAB4C9D0064A6AA /* GfxBitmapFont.hpp */,
				194410D51EAB4C9D0064A6AA /* GfxCanvas.cpp */,
				194410D61EAB4C9D0064A6AA /* GfxCanvas.hpp */,
				194410D71EAB4C9D0064A6AA /* GfxCanvasBgi.cpp */,
				194410D81EAB4C9D0064A6AA /* GfxCanvasBgi.hpp */,
				194410D91EAB4C9D0064A6AA /* GfxCanvasBgiData.cpp */,
				194410DA1EAB4C9D0064A6AA /* GfxCanvasBgiData.hpp */,
				194410DD1EAB4C9D0064A6AA /* GfxBgiConstants.cpp */,
				194410DE1EAB4C9D0064A6AA /* GfxBgiConstants.hpp */,
				19F778331EAB4F96007E1C19 /* GfxRadius.cpp */,
				19F778341EAB4F96007E1C19 /* GfxRadius.hpp */,
				19F778391EAB5039007E1C19 /* GfxString.cpp */,
				19F7783A1EAB5039007E1C19 /* GfxString.hpp */,
			);
			name = bgi;
			sourceTree = "<group>";
		};
		194410C61EAB4B0D0064A6AA /* platform */ = {
			isa = PBXGroup;
			children = (
				194410C71EAB4B8B0064A6AA /* Linux.h */,
				194410C81EAB4B8B0064A6AA /* macOS.h */,
				195F7A121EACC94600C11D9F /* Windows.h */,
			);
			name = platform;
			sourceTree = "<group>";
		};
		19BD5B5C1E9125F10043F8E1 /* sdl2 */ = {
			isa = PBXGroup;
			children = (
				192445E91EAF962500147389 /* GfxBits.cpp */,
				192445EA1EAF962500147389 /* GfxBits.hpp */,
				194410E51EAB4D9E0064A6AA /* GfxBlendMode.cpp */,
				194410E61EAB4D9E0064A6AA /* GfxBlendMode.hpp */,
				191DCD4A1EB10ABC006A1602 /* GfxBool.cpp */,
				191DCD4B1EB10ABC006A1602 /* GfxBool.hpp */,
				192445EC1EAF97E000147389 /* GfxClipboard.cpp */,
				192445ED1EAF97E000147389 /* GfxClipboard.hpp */,
				194410E71EAB4D9E0064A6AA /* GfxColor.cpp */,
				194410E81EAB4D9E0064A6AA /* GfxColor.hpp */,
				195F7A061EAC862600C11D9F /* GfxCpuInfo.cpp */,
				195F7A071EAC862600C11D9F /* GfxCpuInfo.hpp */,
				195F7A161EACCFD200C11D9F /* GfxDisplayMode.cpp */,
				195F7A171EACCFD200C11D9F /* GfxDisplayMode.hpp */,
				192445EF1EAF9B4100147389 /* GfxEndian.cpp */,
				192445F01EAF9B4100147389 /* GfxEndian.hpp */,
				191DCD471EB1051F006A1602 /* GfxError.cpp */,
				191DCD481EB1051F006A1602 /* GfxError.hpp */,
				192445E61EAF95B900147389 /* GfxFileSystem.cpp */,
				192445E71EAF95B900147389 /* GfxFileSystem.hpp */,
				190E5C8B1EB23A290045C666 /* GfxGetRendererInfo.cpp */,
				190E5C8C1EB23A290045C666 /* GfxGetRendererInfo.hpp */,
				19FA54031EAE8095009CD6E9 /* GfxGetVersion.cpp */,
				19FA54041EAE8095009CD6E9 /* GfxGetVersion.hpp */,
				194410EB1EAB4D9E0064A6AA /* GfxInitQuit.cpp */,
				194410EC1EAB4D9E0064A6AA /* GfxInitQuit.hpp */,
				192445F21EAFAA3400147389 /* GfxLoadSo.cpp */,
				192445F31EAFAA3400147389 /* GfxLoadSo.hpp */,
				1995963D1EAB982F00B414E5 /* GfxMessageBox.cpp */,
				1995963E1EAB982F00B414E5 /* GfxMessageBox.hpp */,
				1995963A1EAB92E300B414E5 /* GfxMessageBoxButtonData.cpp */,
				1995963B1EAB92E300B414E5 /* GfxMessageBoxButtonData.hpp */,
				199596371EAB8FCA00B414E5 /* GfxMessageBoxButtonFlags.cpp */,
				199596381EAB8FCA00B414E5 /* GfxMessageBoxButtonFlags.hpp */,
				199596311EAB7CE500B414E5 /* GfxMessageBoxColor.cpp */,
				199596321EAB7CE500B414E5 /* GfxMessageBoxColor.hpp */,
				199596341EAB7E3200B414E5 /* GfxMessageBoxColorScheme.cpp */,
				199596351EAB7E3200B414E5 /* GfxMessageBoxColorScheme.hpp */,
				191DCD4D1EB10F6F006A1602 /* GfxMessageBoxColorType.cpp */,
				191DCD4E1EB10F6F006A1602 /* GfxMessageBoxColorType.hpp */,
				1995962B1EAB653A00B414E5 /* GfxMessageBoxData.cpp */,
				1995962C1EAB653A00B414E5 /* GfxMessageBoxData.hpp */,
				1995962E1EAB684C00B414E5 /* GfxMessageBoxFlags.cpp */,
				1995962F1EAB684C00B414E5 /* GfxMessageBoxFlags.hpp */,
				194410ED1EAB4D9E0064A6AA /* GfxPalette.cpp */,
				194410EE1EAB4D9E0064A6AA /* GfxPalette.hpp */,
				194410EF1EAB4D9E0064A6AA /* GfxPixelFormat.cpp */,
				194410F01EAB4D9E0064A6AA /* GfxPixelFormat.hpp */,
				195F7A091EAC8E9B00C11D9F /* GfxPlatform.cpp */,
				195F7A0A1EAC8E9B00C11D9F /* GfxPlatform.hpp */,
				194410F11EAB4D9E0064A6AA /* GfxPoint.cpp */,
				194410F21EAB4D9E0064A6AA /* GfxPoint.hpp */,
				195F7A0F1EAC953100C11D9F /* GfxPowerInfo.cpp */,
				195F7A101EAC953100C11D9F /* GfxPowerInfo.hpp */,
				195F7A0C1EAC920D00C11D9F /* GfxPowerState.cpp */,
				195F7A0D1EAC920D00C11D9F /* GfxPowerState.hpp */,
				194410F31EAB4D9E0064A6AA /* GfxRect.cpp */,
				194410F41EAB4D9E0064A6AA /* GfxRect.hpp */,
				194410F51EAB4D9E0064A6AA /* GfxRenderer.cpp */,
				194410F61EAB4D9E0064A6AA /* GfxRenderer.hpp */,
				191DCD411EB0DC85006A1602 /* GfxRendererFlags.cpp */,
				191DCD421EB0DC85006A1602 /* GfxRendererFlags.hpp */,
				194410E91EAB4D9E0064A6AA /* GfxRendererFlip.cpp */,
				194410EA1EAB4D9E0064A6AA /* GfxRendererFlip.hpp */,
				190E5C8D1EB23A290045C666 /* GfxRendererInfo.cpp */,
				190E5C8E1EB23A290045C666 /* GfxRendererInfo.hpp */,
				194410F71EAB4D9E0064A6AA /* GfxRootClass.cpp */,
				194410F81EAB4D9E0064A6AA /* GfxRootClass.hpp */,
				195F7A131EACCD9A00C11D9F /* GfxScreenSaver.cpp */,
				195F7A141EACCD9A00C11D9F /* GfxScreenSaver.hpp */,
				194410F91EAB4D9E0064A6AA /* GfxSdlHeader.hpp */,
				194410FA1EAB4D9E0064A6AA /* GfxSurface.cpp */,
				194410FB1EAB4D9E0064A6AA /* GfxSurface.hpp */,
				192A5B2B1EB4CF1D003BDDD1 /* GfxSurfaceFlags.cpp */,
				192A5B2C1EB4CF1D003BDDD1 /* GfxSurfaceFlags.hpp */,
				194410FC1EAB4D9E0064A6AA /* GfxTexture.cpp */,
				194410FD1EAB4D9E0064A6AA /* GfxTexture.hpp */,
				192A5B2E1EB4D74F003BDDD1 /* GfxTextureAccess.cpp */,
				192A5B2F1EB4D74F003BDDD1 /* GfxTextureAccess.hpp */,
				191DCD441EB0E4D5006A1602 /* GfxTextureModulate.cpp */,
				191DCD451EB0E4D5006A1602 /* GfxTextureModulate.hpp */,
				19FA54001EAE7D5C009CD6E9 /* GfxVersion.cpp */,
				19FA54011EAE7D5C009CD6E9 /* GfxVersion.hpp */,
				195F7A1F1EACFBCB00C11D9F /* GfxVideo.cpp */,
				195F7A201EACFBCB00C11D9F /* GfxVideo.hpp */,
				194410FE1EAB4D9E0064A6AA /* GfxWindow.cpp */,
				194410FF1EAB4D9E0064A6AA /* GfxWindow.hpp */,
				195F7A1C1EACDBA900C11D9F /* GfxWindowEventID.cpp */,
				195F7A1D1EACDBA900C11D9F /* GfxWindowEventID.hpp */,
				195F7A191EACD52400C11D9F /* GfxWindowFlags.cpp */,
				195F7A1A1EACD52400C11D9F /* GfxWindowFlags.hpp */,
				19A8FAB51EAE561A00FFD332 /* GfxWindowPosition.cpp */,
				19A8FAB61EAE561A00FFD332 /* GfxWindowPosition.hpp */,
			);
			name = sdl2;
			sourceTree = "<group>";
		};
/* End PBXGroup section */

/* Begin PBXNativeTarget section */
		1915B7651E91101300147BDB /* Giotto */ = {
			isa = PBXNativeTarget;
			buildConfigurationList = 1915B76D1E91101300147BDB /* Build configuration list for PBXNativeTarget "Giotto" */;
			buildPhases = (
				1915B7621E91101300147BDB /* Sources */,
				1915B7631E91101300147BDB /* Frameworks */,
				1915B7641E91101300147BDB /* CopyFiles */,
			);
			buildRules = (
			);
			dependencies = (
			);
			name = Giotto;
			productName = Giotto;
			productReference = 1915B7661E91101300147BDB /* Giotto */;
			productType = "com.apple.product-type.tool";
		};
/* End PBXNativeTarget section */

/* Begin PBXProject section */
		1915B75E1E91101300147BDB /* Project object */ = {
			isa = PBXProject;
			attributes = {
				LastUpgradeCheck = 0830;
				ORGANIZATIONNAME = "George Oros";
				TargetAttributes = {
					1915B7651E91101300147BDB = {
						CreatedOnToolsVersion = 8.3;
						ProvisioningStyle = Automatic;
					};
				};
			};
			buildConfigurationList = 1915B7611E91101300147BDB /* Build configuration list for PBXProject "Giotto" */;
			compatibilityVersion = "Xcode 3.2";
			developmentRegion = English;
			hasScannedForEncodings = 0;
			knownRegions = (
				en,
			);
			mainGroup = 1915B75D1E91101300147BDB;
			productRefGroup = 1915B7671E91101300147BDB /* Products */;
			projectDirPath = "";
			projectRoot = "";
			targets = (
				1915B7651E91101300147BDB /* Giotto */,
			);
		};
/* End PBXProject section */

/* Begin PBXSourcesBuildPhase section */
		1915B7621E91101300147BDB /* Sources */ = {
			isa = PBXSourcesBuildPhase;
			buildActionMask = 2147483647;
			files = (
				192A5B2D1EB4CF1D003BDDD1 /* GfxSurfaceFlags.cpp in Sources */,
				194410DF1EAB4C9D0064A6AA /* GfxBitmapFont.cpp in Sources */,
				195F7A081EAC862600C11D9F /* GfxCpuInfo.cpp in Sources */,
				199596301EAB684C00B414E5 /* GfxMessageBoxFlags.cpp in Sources */,
				191DCD4F1EB10F6F006A1602 /* GfxMessageBoxColorType.cpp in Sources */,
				19F778381EAB4FEC007E1C19 /* GfxAngle.cpp in Sources */,
				19F7783B1EAB5039007E1C19 /* GfxString.cpp in Sources */,
				19FA54051EAE8095009CD6E9 /* GfxGetVersion.cpp in Sources */,
				194411041EAB4D9E0064A6AA /* GfxPalette.cpp in Sources */,
				199596391EAB8FCA00B414E5 /* GfxMessageBoxButtonFlags.cpp in Sources */,
				195F7A1E1EACDBA900C11D9F /* GfxWindowEventID.cpp in Sources */,
				192A5B411EB4E7D7003BDDD1 /* GApplication.cpp in Sources */,
				195F7A1B1EACD52400C11D9F /* GfxWindowFlags.cpp in Sources */,
				195F7A181EACCFD200C11D9F /* GfxDisplayMode.cpp in Sources */,
				192A5B301EB4D74F003BDDD1 /* GfxTextureAccess.cpp in Sources */,
				192A5B3B1EB4E1DB003BDDD1 /* GDialogsConstants.cpp in Sources */,
				197D66481EAB41BF009B5EBB /* Playground.cpp in Sources */,
				190E5C8F1EB23A290045C666 /* GfxGetRendererInfo.cpp in Sources */,
				192445F11EAF9B4100147389 /* GfxEndian.cpp in Sources */,
				194411081EAB4D9E0064A6AA /* GfxRenderer.cpp in Sources */,
				191DCD461EB0E4D5006A1602 /* GfxTextureModulate.cpp in Sources */,
				191DCD431EB0DC85006A1602 /* GfxRendererFlags.cpp in Sources */,
				1944110B1EAB4D9E0064A6AA /* GfxTexture.cpp in Sources */,
				195F7A0B1EAC8E9B00C11D9F /* GfxPlatform.cpp in Sources */,
				1995963C1EAB92E300B414E5 /* GfxMessageBoxButtonData.cpp in Sources */,
				194411011EAB4D9E0064A6AA /* GfxColor.cpp in Sources */,
				191DCD491EB1051F006A1602 /* GfxError.cpp in Sources */,
				194411091EAB4D9E0064A6AA /* GfxRootClass.cpp in Sources */,
				19E091F41EC0E1C7000D95EB /* GQuitCancelMsgBox.cpp in Sources */,
				190E5C901EB23A290045C666 /* GfxRendererInfo.cpp in Sources */,
				194411051EAB4D9E0064A6AA /* GfxPixelFormat.cpp in Sources */,
				192445EB1EAF962500147389 /* GfxBits.cpp in Sources */,
				1944110A1EAB4D9E0064A6AA /* GfxSurface.cpp in Sources */,
				1995962D1EAB653A00B414E5 /* GfxMessageBoxData.cpp in Sources */,
				192A5B381EB4E0EC003BDDD1 /* GAbortRetryIgnoreMsgBox.cpp in Sources */,
				19B352011EB4FAAF0020DCF4 /* GForm.cpp in Sources */,
				194410E11EAB4C9D0064A6AA /* GfxCanvasBgi.cpp in Sources */,
				194411031EAB4D9E0064A6AA /* GfxInitQuit.cpp in Sources */,
				195F7A211EACFBCB00C11D9F /* GfxVideo.cpp in Sources */,
				194410E41EAB4C9D0064A6AA /* GfxBgiConstants.cpp in Sources */,
				79EEDA3B1EB6282C009CB6A1 /* GOKMsgBox.cpp in Sources */,
				192445EE1EAF97E000147389 /* GfxClipboard.cpp in Sources */,
				19B351FE1EB4FA110020DCF4 /* GOKCancelMsgBox.cpp in Sources */,
				19A8FAB71EAE561A00FFD332 /* GfxWindowPosition.cpp in Sources */,
				19B352071EB50E040020DCF4 /* GDemoApp.cpp in Sources */,
				195F7A0E1EAC920D00C11D9F /* GfxPowerState.cpp in Sources */,
				192445F41EAFAA3400147389 /* GfxLoadSo.cpp in Sources */,
				195F7A111EAC953100C11D9F /* GfxPowerInfo.cpp in Sources */,
				194410E01EAB4C9D0064A6AA /* GfxCanvas.cpp in Sources */,
				199596361EAB7E3200B414E5 /* GfxMessageBoxColorScheme.cpp in Sources */,
				195F7A151EACCD9A00C11D9F /* GfxScreenSaver.cpp in Sources */,
				192A5B341EB4DECA003BDDD1 /* GObject.cpp in Sources */,
				1944110C1EAB4D9E0064A6AA /* GfxWindow.cpp in Sources */,
				194411001EAB4D9E0064A6AA /* GfxBlendMode.cpp in Sources */,
				194411021EAB4D9E0064A6AA /* GfxRendererFlip.cpp in Sources */,
				19B351FB1EB4F4B20020DCF4 /* GRetryCancelMsgBox.cpp in Sources */,
				194411061EAB4D9E0064A6AA /* GfxPoint.cpp in Sources */,
				194411071EAB4D9E0064A6AA /* GfxRect.cpp in Sources */,
				192445E81EAF95B900147389 /* GfxFileSystem.cpp in Sources */,
				197D66471EAB41BF009B5EBB /* main.cpp in Sources */,
				19FA54021EAE7D5C009CD6E9 /* GfxVersion.cpp in Sources */,
				199596331EAB7CE500B414E5 /* GfxMessageBoxColor.cpp in Sources */,
				194410E21EAB4C9D0064A6AA /* GfxCanvasBgiData.cpp in Sources */,
				191DCD4C1EB10ABC006A1602 /* GfxBool.cpp in Sources */,
				19F778351EAB4F96007E1C19 /* GfxRadius.cpp in Sources */,
				1995963F1EAB982F00B414E5 /* GfxMessageBox.cpp in Sources */,
			);
			runOnlyForDeploymentPostprocessing = 0;
		};
/* End PBXSourcesBuildPhase section */

/* Begin XCBuildConfiguration section */
		1915B76B1E91101300147BDB /* Debug */ = {
			isa = XCBuildConfiguration;
			buildSettings = {
				ALWAYS_SEARCH_USER_PATHS = NO;
				CLANG_ANALYZER_NONNULL = YES;
				CLANG_ANALYZER_NUMBER_OBJECT_CONVERSION = YES_AGGRESSIVE;
				CLANG_CXX_LANGUAGE_STANDARD = "gnu++0x";
				CLANG_CXX_LIBRARY = "libc++";
				CLANG_ENABLE_MODULES = YES;
				CLANG_ENABLE_OBJC_ARC = YES;
				CLANG_WARN_BOOL_CONVERSION = YES;
				CLANG_WARN_CONSTANT_CONVERSION = YES;
				CLANG_WARN_DIRECT_OBJC_ISA_USAGE = YES_ERROR;
				CLANG_WARN_DOCUMENTATION_COMMENTS = YES;
				CLANG_WARN_EMPTY_BODY = YES;
				CLANG_WARN_ENUM_CONVERSION = YES;
				CLANG_WARN_INFINITE_RECURSION = YES;
				CLANG_WARN_INT_CONVERSION = YES;
				CLANG_WARN_OBJC_ROOT_CLASS = YES_ERROR;
				CLANG_WARN_SUSPICIOUS_MOVE = YES;
				CLANG_WARN_UNREACHABLE_CODE = YES;
				CLANG_WARN__DUPLICATE_METHOD_MATCH = YES;
				CODE_SIGN_IDENTITY = "-";
				COPY_PHASE_STRIP = NO;
				DEBUG_INFORMATION_FORMAT = dwarf;
				ENABLE_STRICT_OBJC_MSGSEND = YES;
				ENABLE_TESTABILITY = YES;
				GCC_C_LANGUAGE_STANDARD = gnu99;
				GCC_DYNAMIC_NO_PIC = NO;
				GCC_NO_COMMON_BLOCKS = YES;
				GCC_OPTIMIZATION_LEVEL = 0;
				GCC_PREPROCESSOR_DEFINITIONS = (
					"DEBUG=1",
					"$(inherited)",
				);
				GCC_WARN_64_TO_32_BIT_CONVERSION = YES;
				GCC_WARN_ABOUT_RETURN_TYPE = YES_ERROR;
				GCC_WARN_UNDECLARED_SELECTOR = YES;
				GCC_WARN_UNINITIALIZED_AUTOS = YES_AGGRESSIVE;
				GCC_WARN_UNUSED_FUNCTION = YES;
				GCC_WARN_UNUSED_VARIABLE = YES;
				MACOSX_DEPLOYMENT_TARGET = 10.12;
				MTL_ENABLE_DEBUG_INFO = YES;
				ONLY_ACTIVE_ARCH = YES;
				SDKROOT = macosx;
			};
			name = Debug;
		};
		1915B76C1E91101300147BDB /* Release */ = {
			isa = XCBuildConfiguration;
			buildSettings = {
				ALWAYS_SEARCH_USER_PATHS = NO;
				CLANG_ANALYZER_NONNULL = YES;
				CLANG_ANALYZER_NUMBER_OBJECT_CONVERSION = YES_AGGRESSIVE;
				CLANG_CXX_LANGUAGE_STANDARD = "gnu++0x";
				CLANG_CXX_LIBRARY = "libc++";
				CLANG_ENABLE_MODULES = YES;
				CLANG_ENABLE_OBJC_ARC = YES;
				CLANG_WARN_BOOL_CONVERSION = YES;
				CLANG_WARN_CONSTANT_CONVERSION = YES;
				CLANG_WARN_DIRECT_OBJC_ISA_USAGE = YES_ERROR;
				CLANG_WARN_DOCUMENTATION_COMMENTS = YES;
				CLANG_WARN_EMPTY_BODY = YES;
				CLANG_WARN_ENUM_CONVERSION = YES;
				CLANG_WARN_INFINITE_RECURSION = YES;
				CLANG_WARN_INT_CONVERSION = YES;
				CLANG_WARN_OBJC_ROOT_CLASS = YES_ERROR;
				CLANG_WARN_SUSPICIOUS_MOVE = YES;
				CLANG_WARN_UNREACHABLE_CODE = YES;
				CLANG_WARN__DUPLICATE_METHOD_MATCH = YES;
				CODE_SIGN_IDENTITY = "-";
				COPY_PHASE_STRIP = NO;
				DEBUG_INFORMATION_FORMAT = "dwarf-with-dsym";
				ENABLE_NS_ASSERTIONS = NO;
				ENABLE_STRICT_OBJC_MSGSEND = YES;
				GCC_C_LANGUAGE_STANDARD = gnu99;
				GCC_NO_COMMON_BLOCKS = YES;
				GCC_WARN_64_TO_32_BIT_CONVERSION = YES;
				GCC_WARN_ABOUT_RETURN_TYPE = YES_ERROR;
				GCC_WARN_UNDECLARED_SELECTOR = YES;
				GCC_WARN_UNINITIALIZED_AUTOS = YES_AGGRESSIVE;
				GCC_WARN_UNUSED_FUNCTION = YES;
				GCC_WARN_UNUSED_VARIABLE = YES;
				MACOSX_DEPLOYMENT_TARGET = 10.12;
				MTL_ENABLE_DEBUG_INFO = NO;
				SDKROOT = macosx;
			};
			name = Release;
		};
		1915B76E1E91101300147BDB /* Debug */ = {
			isa = XCBuildConfiguration;
			buildSettings = {
				CLANG_USE_OPTIMIZATION_PROFILE = NO;
				FRAMEWORK_SEARCH_PATHS = (
					"$(inherited)",
					"$(USER_LIBRARY_DIR)/Frameworks",
				);
				GCC_OPTIMIZATION_LEVEL = 0;
				LLVM_LTO = NO;
				MACOSX_DEPLOYMENT_TARGET = 10.11;
				PRODUCT_NAME = "$(TARGET_NAME)";
				RUN_CLANG_STATIC_ANALYZER = NO;
				SDKROOT = macosx;
				VALID_ARCHS = x86_64;
			};
			name = Debug;
		};
		1915B76F1E91101300147BDB /* Release */ = {
			isa = XCBuildConfiguration;
			buildSettings = {
				CLANG_USE_OPTIMIZATION_PROFILE = NO;
				FRAMEWORK_SEARCH_PATHS = (
					"$(inherited)",
					"$(USER_LIBRARY_DIR)/Frameworks",
				);
				GCC_OPTIMIZATION_LEVEL = 3;
				LLVM_LTO = NO;
				MACOSX_DEPLOYMENT_TARGET = 10.11;
				PRODUCT_NAME = "$(TARGET_NAME)";
				SDKROOT = macosx;
				VALID_ARCHS = x86_64;
			};
			name = Release;
		};
/* End XCBuildConfiguration section */

/* Begin XCConfigurationList section */
		1915B7611E91101300147BDB /* Build configuration list for PBXProject "Giotto" */ = {
			isa = XCConfigurationList;
			buildConfigurations = (
				1915B76B1E91101300147BDB /* Debug */,
				1915B76C1E91101300147BDB /* Release */,
			);
			defaultConfigurationIsVisible = 0;
			defaultConfigurationName = Release;
		};
		1915B76D1E91101300147BDB /* Build configuration list for PBXNativeTarget "Giotto" */ = {
			isa = XCConfigurationList;
			buildConfigurations = (
				1915B76E1E91101300147BDB /* Debug */,
				1915B76F1E91101300147BDB /* Release */,
			);
			defaultConfigurationIsVisible = 0;
			defaultConfigurationName = Release;
		};
/* End XCConfigurationList section */
	};
	rootObject = 1915B75E1E91101300147BDB /* Project object */;
}
