// !$*UTF8*$!
{
	archiveVersion = 1;
	classes = {
	};
	objectVersion = 46;
	objects = {

/* Begin PBXBuildFile section */
		1915B7741E91103100147BDB /* SDL2_image.framework in Frameworks */ = {isa = PBXBuildFile; fileRef = 1915B7711E91103100147BDB /* SDL2_image.framework */; };
		1915B7751E91103100147BDB /* SDL2_ttf.framework in Frameworks */ = {isa = PBXBuildFile; fileRef = 1915B7721E91103100147BDB /* SDL2_ttf.framework */; };
		1915B7761E91103100147BDB /* SDL2.framework in Frameworks */ = {isa = PBXBuildFile; fileRef = 1915B7731E91103100147BDB /* SDL2.framework */; };
		194410DF1EAB4C9D0064A6AA /* GfxBitmapFont.cpp in Sources */ = {isa = PBXBuildFile; fileRef = 194410D31EAB4C9D0064A6AA /* GfxBitmapFont.cpp */; };
		194410E01EAB4C9D0064A6AA /* GfxCanvas.cpp in Sources */ = {isa = PBXBuildFile; fileRef = 194410D51EAB4C9D0064A6AA /* GfxCanvas.cpp */; };
		194410E11EAB4C9D0064A6AA /* GfxCanvasBgi.cpp in Sources */ = {isa = PBXBuildFile; fileRef = 194410D71EAB4C9D0064A6AA /* GfxCanvasBgi.cpp */; };
		194410E21EAB4C9D0064A6AA /* GfxCanvasBgiData.cpp in Sources */ = {isa = PBXBuildFile; fileRef = 194410D91EAB4C9D0064A6AA /* GfxCanvasBgiData.cpp */; };
		194410E31EAB4C9D0064A6AA /* GfxCanvasValues.cpp in Sources */ = {isa = PBXBuildFile; fileRef = 194410DB1EAB4C9D0064A6AA /* GfxCanvasValues.cpp */; };
		194410E41EAB4C9D0064A6AA /* GfxConstants.cpp in Sources */ = {isa = PBXBuildFile; fileRef = 194410DD1EAB4C9D0064A6AA /* GfxConstants.cpp */; };
		194411001EAB4D9E0064A6AA /* GfxBlendMode.cpp in Sources */ = {isa = PBXBuildFile; fileRef = 194410E51EAB4D9E0064A6AA /* GfxBlendMode.cpp */; };
		194411011EAB4D9E0064A6AA /* GfxColor.cpp in Sources */ = {isa = PBXBuildFile; fileRef = 194410E71EAB4D9E0064A6AA /* GfxColor.cpp */; };
		194411021EAB4D9E0064A6AA /* GfxFlip.cpp in Sources */ = {isa = PBXBuildFile; fileRef = 194410E91EAB4D9E0064A6AA /* GfxFlip.cpp */; };
		194411031EAB4D9E0064A6AA /* GfxInitQuit.cpp in Sources */ = {isa = PBXBuildFile; fileRef = 194410EB1EAB4D9E0064A6AA /* GfxInitQuit.cpp */; };
		194411041EAB4D9E0064A6AA /* GfxPalette.cpp in Sources */ = {isa = PBXBuildFile; fileRef = 194410ED1EAB4D9E0064A6AA /* GfxPalette.cpp */; };
		194411051EAB4D9E0064A6AA /* GfxPixelFormat.cpp in Sources */ = {isa = PBXBuildFile; fileRef = 194410EF1EAB4D9E0064A6AA /* GfxPixelFormat.cpp */; };
		194411061EAB4D9E0064A6AA /* GfxPoint.cpp in Sources */ = {isa = PBXBuildFile; fileRef = 194410F11EAB4D9E0064A6AA /* GfxPoint.cpp */; };
		194411071EAB4D9E0064A6AA /* GfxRect.cpp in Sources */ = {isa = PBXBuildFile; fileRef = 194410F31EAB4D9E0064A6AA /* GfxRect.cpp */; };
		194411081EAB4D9E0064A6AA /* GfxRenderer.cpp in Sources */ = {isa = PBXBuildFile; fileRef = 194410F51EAB4D9E0064A6AA /* GfxRenderer.cpp */; };
		194411091EAB4D9E0064A6AA /* GfxRootClass.cpp in Sources */ = {isa = PBXBuildFile; fileRef = 194410F71EAB4D9E0064A6AA /* GfxRootClass.cpp */; };
		1944110A1EAB4D9E0064A6AA /* GfxSurface.cpp in Sources */ = {isa = PBXBuildFile; fileRef = 194410FA1EAB4D9E0064A6AA /* GfxSurface.cpp */; };
		1944110B1EAB4D9E0064A6AA /* GfxTexture.cpp in Sources */ = {isa = PBXBuildFile; fileRef = 194410FC1EAB4D9E0064A6AA /* GfxTexture.cpp */; };
		1944110C1EAB4D9E0064A6AA /* GfxWindow.cpp in Sources */ = {isa = PBXBuildFile; fileRef = 194410FE1EAB4D9E0064A6AA /* GfxWindow.cpp */; };
		197D66471EAB41BF009B5EBB /* main.cpp in Sources */ = {isa = PBXBuildFile; fileRef = 197D66441EAB41BF009B5EBB /* main.cpp */; };
		197D66481EAB41BF009B5EBB /* Playground.cpp in Sources */ = {isa = PBXBuildFile; fileRef = 197D66451EAB41BF009B5EBB /* Playground.cpp */; };
/* End PBXBuildFile section */

/* Begin PBXCopyFilesBuildPhase section */
		1915B7641E91101300147BDB /* CopyFiles */ = {
			isa = PBXCopyFilesBuildPhase;
			buildActionMask = 2147483647;
			dstPath = /usr/share/man/man1/;
			dstSubfolderSpec = 0;
			files = (
			);
			runOnlyForDeploymentPostprocessing = 1;
		};
/* End PBXCopyFilesBuildPhase section */

/* Begin PBXFileReference section */
		1915B7661E91101300147BDB /* Giotto */ = {isa = PBXFileReference; explicitFileType = "compiled.mach-o.executable"; includeInIndex = 0; path = Giotto; sourceTree = BUILT_PRODUCTS_DIR; };
		1915B7711E91103100147BDB /* SDL2_image.framework */ = {isa = PBXFileReference; lastKnownFileType = wrapper.framework; name = SDL2_image.framework; path = ../../../Library/Frameworks/SDL2_image.framework; sourceTree = "<group>"; };
		1915B7721E91103100147BDB /* SDL2_ttf.framework */ = {isa = PBXFileReference; lastKnownFileType = wrapper.framework; name = SDL2_ttf.framework; path = ../../../Library/Frameworks/SDL2_ttf.framework; sourceTree = "<group>"; };
		1915B7731E91103100147BDB /* SDL2.framework */ = {isa = PBXFileReference; lastKnownFileType = wrapper.framework; name = SDL2.framework; path = ../../../Library/Frameworks/SDL2.framework; sourceTree = "<group>"; };
		194410C71EAB4B8B0064A6AA /* Linux.h */ = {isa = PBXFileReference; fileEncoding = 4; lastKnownFileType = sourcecode.c.h; name = Linux.h; path = platform/Linux.h; sourceTree = "<group>"; };
		194410C81EAB4B8B0064A6AA /* macOS.h */ = {isa = PBXFileReference; fileEncoding = 4; lastKnownFileType = sourcecode.c.h; name = macOS.h; path = platform/macOS.h; sourceTree = "<group>"; };
		194410C91EAB4BC20064A6AA /* fntAntique.hpp */ = {isa = PBXFileReference; fileEncoding = 4; lastKnownFileType = sourcecode.cpp.h; name = fntAntique.hpp; path = bgi/fntAntique.hpp; sourceTree = "<group>"; };
		194410CA1EAB4BC20064A6AA /* fntBroadway.hpp */ = {isa = PBXFileReference; fileEncoding = 4; lastKnownFileType = sourcecode.cpp.h; name = fntBroadway.hpp; path = bgi/fntBroadway.hpp; sourceTree = "<group>"; };
		194410CB1EAB4BC20064A6AA /* fntCourrier.hpp */ = {isa = PBXFileReference; fileEncoding = 4; lastKnownFileType = sourcecode.cpp.h; name = fntCourrier.hpp; path = bgi/fntCourrier.hpp; sourceTree = "<group>"; };
		194410CC1EAB4BC20064A6AA /* fntDragon.hpp */ = {isa = PBXFileReference; fileEncoding = 4; lastKnownFileType = sourcecode.cpp.h; name = fntDragon.hpp; path = bgi/fntDragon.hpp; sourceTree = "<group>"; };
		194410CD1EAB4BC20064A6AA /* fntMedieval.hpp */ = {isa = PBXFileReference; fileEncoding = 4; lastKnownFileType = sourcecode.cpp.h; name = fntMedieval.hpp; path = bgi/fntMedieval.hpp; sourceTree = "<group>"; };
		194410CE1EAB4BC20064A6AA /* fntRoman.hpp */ = {isa = PBXFileReference; fileEncoding = 4; lastKnownFileType = sourcecode.cpp.h; name = fntRoman.hpp; path = bgi/fntRoman.hpp; sourceTree = "<group>"; };
		194410CF1EAB4BC20064A6AA /* fntSansserif.hpp */ = {isa = PBXFileReference; fileEncoding = 4; lastKnownFileType = sourcecode.cpp.h; name = fntSansserif.hpp; path = bgi/fntSansserif.hpp; sourceTree = "<group>"; };
		194410D01EAB4BC20064A6AA /* fntScript.hpp */ = {isa = PBXFileReference; fileEncoding = 4; lastKnownFileType = sourcecode.cpp.h; name = fntScript.hpp; path = bgi/fntScript.hpp; sourceTree = "<group>"; };
		194410D11EAB4BC20064A6AA /* fntStandard8x16.hpp */ = {isa = PBXFileReference; fileEncoding = 4; lastKnownFileType = sourcecode.cpp.h; name = fntStandard8x16.hpp; path = bgi/fntStandard8x16.hpp; sourceTree = "<group>"; };
		194410D21EAB4BC20064A6AA /* fntWacky.hpp */ = {isa = PBXFileReference; fileEncoding = 4; lastKnownFileType = sourcecode.cpp.h; name = fntWacky.hpp; path = bgi/fntWacky.hpp; sourceTree = "<group>"; };
		194410D31EAB4C9D0064A6AA /* GfxBitmapFont.cpp */ = {isa = PBXFileReference; fileEncoding = 4; lastKnownFileType = sourcecode.cpp.cpp; name = GfxBitmapFont.cpp; path = bgi/GfxBitmapFont.cpp; sourceTree = "<group>"; };
		194410D41EAB4C9D0064A6AA /* GfxBitmapFont.hpp */ = {isa = PBXFileReference; fileEncoding = 4; lastKnownFileType = sourcecode.cpp.h; name = GfxBitmapFont.hpp; path = bgi/GfxBitmapFont.hpp; sourceTree = "<group>"; };
		194410D51EAB4C9D0064A6AA /* GfxCanvas.cpp */ = {isa = PBXFileReference; fileEncoding = 4; lastKnownFileType = sourcecode.cpp.cpp; name = GfxCanvas.cpp; path = bgi/GfxCanvas.cpp; sourceTree = "<group>"; };
		194410D61EAB4C9D0064A6AA /* GfxCanvas.hpp */ = {isa = PBXFileReference; fileEncoding = 4; lastKnownFileType = sourcecode.cpp.h; name = GfxCanvas.hpp; path = bgi/GfxCanvas.hpp; sourceTree = "<group>"; };
		194410D71EAB4C9D0064A6AA /* GfxCanvasBgi.cpp */ = {isa = PBXFileReference; fileEncoding = 4; lastKnownFileType = sourcecode.cpp.cpp; name = GfxCanvasBgi.cpp; path = bgi/GfxCanvasBgi.cpp; sourceTree = "<group>"; };
		194410D81EAB4C9D0064A6AA /* GfxCanvasBgi.hpp */ = {isa = PBXFileReference; fileEncoding = 4; lastKnownFileType = sourcecode.cpp.h; name = GfxCanvasBgi.hpp; path = bgi/GfxCanvasBgi.hpp; sourceTree = "<group>"; };
		194410D91EAB4C9D0064A6AA /* GfxCanvasBgiData.cpp */ = {isa = PBXFileReference; fileEncoding = 4; lastKnownFileType = sourcecode.cpp.cpp; name = GfxCanvasBgiData.cpp; path = bgi/GfxCanvasBgiData.cpp; sourceTree = "<group>"; };
		194410DA1EAB4C9D0064A6AA /* GfxCanvasBgiData.hpp */ = {isa = PBXFileReference; fileEncoding = 4; lastKnownFileType = sourcecode.cpp.h; name = GfxCanvasBgiData.hpp; path = bgi/GfxCanvasBgiData.hpp; sourceTree = "<group>"; };
		194410DB1EAB4C9D0064A6AA /* GfxCanvasValues.cpp */ = {isa = PBXFileReference; fileEncoding = 4; lastKnownFileType = sourcecode.cpp.cpp; name = GfxCanvasValues.cpp; path = bgi/GfxCanvasValues.cpp; sourceTree = "<group>"; };
		194410DC1EAB4C9D0064A6AA /* GfxCanvasValues.hpp */ = {isa = PBXFileReference; fileEncoding = 4; lastKnownFileType = sourcecode.cpp.h; name = GfxCanvasValues.hpp; path = bgi/GfxCanvasValues.hpp; sourceTree = "<group>"; };
		194410DD1EAB4C9D0064A6AA /* GfxConstants.cpp */ = {isa = PBXFileReference; fileEncoding = 4; lastKnownFileType = sourcecode.cpp.cpp; name = GfxConstants.cpp; path = bgi/GfxConstants.cpp; sourceTree = "<group>"; };
		194410DE1EAB4C9D0064A6AA /* GfxConstants.hpp */ = {isa = PBXFileReference; fileEncoding = 4; lastKnownFileType = sourcecode.cpp.h; name = GfxConstants.hpp; path = bgi/GfxConstants.hpp; sourceTree = "<group>"; };
		194410E51EAB4D9E0064A6AA /* GfxBlendMode.cpp */ = {isa = PBXFileReference; fileEncoding = 4; lastKnownFileType = sourcecode.cpp.cpp; name = GfxBlendMode.cpp; path = sdl2/GfxBlendMode.cpp; sourceTree = "<group>"; };
		194410E61EAB4D9E0064A6AA /* GfxBlendMode.hpp */ = {isa = PBXFileReference; fileEncoding = 4; lastKnownFileType = sourcecode.cpp.h; name = GfxBlendMode.hpp; path = sdl2/GfxBlendMode.hpp; sourceTree = "<group>"; };
		194410E71EAB4D9E0064A6AA /* GfxColor.cpp */ = {isa = PBXFileReference; fileEncoding = 4; lastKnownFileType = sourcecode.cpp.cpp; name = GfxColor.cpp; path = sdl2/GfxColor.cpp; sourceTree = "<group>"; };
		194410E81EAB4D9E0064A6AA /* GfxColor.hpp */ = {isa = PBXFileReference; fileEncoding = 4; lastKnownFileType = sourcecode.cpp.h; name = GfxColor.hpp; path = sdl2/GfxColor.hpp; sourceTree = "<group>"; };
		194410E91EAB4D9E0064A6AA /* GfxFlip.cpp */ = {isa = PBXFileReference; fileEncoding = 4; lastKnownFileType = sourcecode.cpp.cpp; name = GfxFlip.cpp; path = sdl2/GfxFlip.cpp; sourceTree = "<group>"; };
		194410EA1EAB4D9E0064A6AA /* GfxFlip.hpp */ = {isa = PBXFileReference; fileEncoding = 4; lastKnownFileType = sourcecode.cpp.h; name = GfxFlip.hpp; path = sdl2/GfxFlip.hpp; sourceTree = "<group>"; };
		194410EB1EAB4D9E0064A6AA /* GfxInitQuit.cpp */ = {isa = PBXFileReference; fileEncoding = 4; lastKnownFileType = sourcecode.cpp.cpp; name = GfxInitQuit.cpp; path = sdl2/GfxInitQuit.cpp; sourceTree = "<group>"; };
		194410EC1EAB4D9E0064A6AA /* GfxInitQuit.hpp */ = {isa = PBXFileReference; fileEncoding = 4; lastKnownFileType = sourcecode.cpp.h; name = GfxInitQuit.hpp; path = sdl2/GfxInitQuit.hpp; sourceTree = "<group>"; };
		194410ED1EAB4D9E0064A6AA /* GfxPalette.cpp */ = {isa = PBXFileReference; fileEncoding = 4; lastKnownFileType = sourcecode.cpp.cpp; name = GfxPalette.cpp; path = sdl2/GfxPalette.cpp; sourceTree = "<group>"; };
		194410EE1EAB4D9E0064A6AA /* GfxPalette.hpp */ = {isa = PBXFileReference; fileEncoding = 4; lastKnownFileType = sourcecode.cpp.h; name = GfxPalette.hpp; path = sdl2/GfxPalette.hpp; sourceTree = "<group>"; };
		194410EF1EAB4D9E0064A6AA /* GfxPixelFormat.cpp */ = {isa = PBXFileReference; fileEncoding = 4; lastKnownFileType = sourcecode.cpp.cpp; name = GfxPixelFormat.cpp; path = sdl2/GfxPixelFormat.cpp; sourceTree = "<group>"; };
		194410F01EAB4D9E0064A6AA /* GfxPixelFormat.hpp */ = {isa = PBXFileReference; fileEncoding = 4; lastKnownFileType = sourcecode.cpp.h; name = GfxPixelFormat.hpp; path = sdl2/GfxPixelFormat.hpp; sourceTree = "<group>"; };
		194410F11EAB4D9E0064A6AA /* GfxPoint.cpp */ = {isa = PBXFileReference; fileEncoding = 4; lastKnownFileType = sourcecode.cpp.cpp; name = GfxPoint.cpp; path = sdl2/GfxPoint.cpp; sourceTree = "<group>"; };
		194410F21EAB4D9E0064A6AA /* GfxPoint.hpp */ = {isa = PBXFileReference; fileEncoding = 4; lastKnownFileType = sourcecode.cpp.h; name = GfxPoint.hpp; path = sdl2/GfxPoint.hpp; sourceTree = "<group>"; };
		194410F31EAB4D9E0064A6AA /* GfxRect.cpp */ = {isa = PBXFileReference; fileEncoding = 4; lastKnownFileType = sourcecode.cpp.cpp; name = GfxRect.cpp; path = sdl2/GfxRect.cpp; sourceTree = "<group>"; };
		194410F41EAB4D9E0064A6AA /* GfxRect.hpp */ = {isa = PBXFileReference; fileEncoding = 4; lastKnownFileType = sourcecode.cpp.h; name = GfxRect.hpp; path = sdl2/GfxRect.hpp; sourceTree = "<group>"; };
		194410F51EAB4D9E0064A6AA /* GfxRenderer.cpp */ = {isa = PBXFileReference; fileEncoding = 4; lastKnownFileType = sourcecode.cpp.cpp; name = GfxRenderer.cpp; path = sdl2/GfxRenderer.cpp; sourceTree = "<group>"; };
		194410F61EAB4D9E0064A6AA /* GfxRenderer.hpp */ = {isa = PBXFileReference; fileEncoding = 4; lastKnownFileType = sourcecode.cpp.h; name = GfxRenderer.hpp; path = sdl2/GfxRenderer.hpp; sourceTree = "<group>"; };
		194410F71EAB4D9E0064A6AA /* GfxRootClass.cpp */ = {isa = PBXFileReference; fileEncoding = 4; lastKnownFileType = sourcecode.cpp.cpp; name = GfxRootClass.cpp; path = sdl2/GfxRootClass.cpp; sourceTree = "<group>"; };
		194410F81EAB4D9E0064A6AA /* GfxRootClass.hpp */ = {isa = PBXFileReference; fileEncoding = 4; lastKnownFileType = sourcecode.cpp.h; name = GfxRootClass.hpp; path = sdl2/GfxRootClass.hpp; sourceTree = "<group>"; };
		194410F91EAB4D9E0064A6AA /* GfxSdlHeader.hpp */ = {isa = PBXFileReference; fileEncoding = 4; lastKnownFileType = sourcecode.cpp.h; name = GfxSdlHeader.hpp; path = sdl2/GfxSdlHeader.hpp; sourceTree = "<group>"; };
		194410FA1EAB4D9E0064A6AA /* GfxSurface.cpp */ = {isa = PBXFileReference; fileEncoding = 4; lastKnownFileType = sourcecode.cpp.cpp; name = GfxSurface.cpp; path = sdl2/GfxSurface.cpp; sourceTree = "<group>"; };
		194410FB1EAB4D9E0064A6AA /* GfxSurface.hpp */ = {isa = PBXFileReference; fileEncoding = 4; lastKnownFileType = sourcecode.cpp.h; name = GfxSurface.hpp; path = sdl2/GfxSurface.hpp; sourceTree = "<group>"; };
		194410FC1EAB4D9E0064A6AA /* GfxTexture.cpp */ = {isa = PBXFileReference; fileEncoding = 4; lastKnownFileType = sourcecode.cpp.cpp; name = GfxTexture.cpp; path = sdl2/GfxTexture.cpp; sourceTree = "<group>"; };
		194410FD1EAB4D9E0064A6AA /* GfxTexture.hpp */ = {isa = PBXFileReference; fileEncoding = 4; lastKnownFileType = sourcecode.cpp.h; name = GfxTexture.hpp; path = sdl2/GfxTexture.hpp; sourceTree = "<group>"; };
		194410FE1EAB4D9E0064A6AA /* GfxWindow.cpp */ = {isa = PBXFileReference; fileEncoding = 4; lastKnownFileType = sourcecode.cpp.cpp; name = GfxWindow.cpp; path = sdl2/GfxWindow.cpp; sourceTree = "<group>"; };
		194410FF1EAB4D9E0064A6AA /* GfxWindow.hpp */ = {isa = PBXFileReference; fileEncoding = 4; lastKnownFileType = sourcecode.cpp.h; name = GfxWindow.hpp; path = sdl2/GfxWindow.hpp; sourceTree = "<group>"; };
		197D66441EAB41BF009B5EBB /* main.cpp */ = {isa = PBXFileReference; fileEncoding = 4; lastKnownFileType = sourcecode.cpp.cpp; name = main.cpp; path = Giotto/main.cpp; sourceTree = SOURCE_ROOT; };
		197D66451EAB41BF009B5EBB /* Playground.cpp */ = {isa = PBXFileReference; fileEncoding = 4; lastKnownFileType = sourcecode.cpp.cpp; name = Playground.cpp; path = Giotto/Playground.cpp; sourceTree = SOURCE_ROOT; };
		197D66461EAB41BF009B5EBB /* Playground.hpp */ = {isa = PBXFileReference; fileEncoding = 4; lastKnownFileType = sourcecode.cpp.h; name = Playground.hpp; path = Giotto/Playground.hpp; sourceTree = SOURCE_ROOT; };
/* End PBXFileReference section */

/* Begin PBXFrameworksBuildPhase section */
		1915B7631E91101300147BDB /* Frameworks */ = {
			isa = PBXFrameworksBuildPhase;
			buildActionMask = 2147483647;
			files = (
				1915B7761E91103100147BDB /* SDL2.framework in Frameworks */,
				1915B7751E91103100147BDB /* SDL2_ttf.framework in Frameworks */,
				1915B7741E91103100147BDB /* SDL2_image.framework in Frameworks */,
			);
			runOnlyForDeploymentPostprocessing = 0;
		};
/* End PBXFrameworksBuildPhase section */

/* Begin PBXGroup section */
		1915B75D1E91101300147BDB = {
			isa = PBXGroup;
			children = (
				1915B7681E91101300147BDB /* Giotto */,
				1915B7701E91103100147BDB /* Frameworks */,
				1915B7671E91101300147BDB /* Products */,
			);
			sourceTree = "<group>";
		};
		1915B7671E91101300147BDB /* Products */ = {
			isa = PBXGroup;
			children = (
				1915B7661E91101300147BDB /* Giotto */,
			);
			name = Products;
			sourceTree = "<group>";
		};
		1915B7681E91101300147BDB /* Giotto */ = {
			isa = PBXGroup;
			children = (
				197D66441EAB41BF009B5EBB /* main.cpp */,
				197D66451EAB41BF009B5EBB /* Playground.cpp */,
				197D66461EAB41BF009B5EBB /* Playground.hpp */,
				194410C51EAB4AC20064A6AA /* bgi */,
				194410C61EAB4B0D0064A6AA /* platform */,
				19BD5B5C1E9125F10043F8E1 /* sdl2 */,
			);
			path = Giotto;
			sourceTree = "<group>";
		};
		1915B7701E91103100147BDB /* Frameworks */ = {
			isa = PBXGroup;
			children = (
				1915B7711E91103100147BDB /* SDL2_image.framework */,
				1915B7721E91103100147BDB /* SDL2_ttf.framework */,
				1915B7731E91103100147BDB /* SDL2.framework */,
			);
			name = Frameworks;
			sourceTree = "<group>";
		};
		194410C51EAB4AC20064A6AA /* bgi */ = {
			isa = PBXGroup;
			children = (
				194410D31EAB4C9D0064A6AA /* GfxBitmapFont.cpp */,
				194410D41EAB4C9D0064A6AA /* GfxBitmapFont.hpp */,
				194410D51EAB4C9D0064A6AA /* GfxCanvas.cpp */,
				194410D61EAB4C9D0064A6AA /* GfxCanvas.hpp */,
				194410D71EAB4C9D0064A6AA /* GfxCanvasBgi.cpp */,
				194410D81EAB4C9D0064A6AA /* GfxCanvasBgi.hpp */,
				194410D91EAB4C9D0064A6AA /* GfxCanvasBgiData.cpp */,
				194410DA1EAB4C9D0064A6AA /* GfxCanvasBgiData.hpp */,
				194410DB1EAB4C9D0064A6AA /* GfxCanvasValues.cpp */,
				194410DC1EAB4C9D0064A6AA /* GfxCanvasValues.hpp */,
				194410DD1EAB4C9D0064A6AA /* GfxConstants.cpp */,
				194410DE1EAB4C9D0064A6AA /* GfxConstants.hpp */,
				194410C91EAB4BC20064A6AA /* fntAntique.hpp */,
				194410CA1EAB4BC20064A6AA /* fntBroadway.hpp */,
				194410CB1EAB4BC20064A6AA /* fntCourrier.hpp */,
				194410CC1EAB4BC20064A6AA /* fntDragon.hpp */,
				194410CD1EAB4BC20064A6AA /* fntMedieval.hpp */,
				194410CE1EAB4BC20064A6AA /* fntRoman.hpp */,
				194410CF1EAB4BC20064A6AA /* fntSansserif.hpp */,
				194410D01EAB4BC20064A6AA /* fntScript.hpp */,
				194410D11EAB4BC20064A6AA /* fntStandard8x16.hpp */,
				194410D21EAB4BC20064A6AA /* fntWacky.hpp */,
			);
			name = bgi;
			sourceTree = "<group>";
		};
		194410C61EAB4B0D0064A6AA /* platform */ = {
			isa = PBXGroup;
			children = (
				194410C71EAB4B8B0064A6AA /* Linux.h */,
				194410C81EAB4B8B0064A6AA /* macOS.h */,
			);
			name = platform;
			sourceTree = "<group>";
		};
		19BD5B5C1E9125F10043F8E1 /* sdl2 */ = {
			isa = PBXGroup;
			children = (
				194410E51EAB4D9E0064A6AA /* GfxBlendMode.cpp */,
				194410E61EAB4D9E0064A6AA /* GfxBlendMode.hpp */,
				194410E71EAB4D9E0064A6AA /* GfxColor.cpp */,
				194410E81EAB4D9E0064A6AA /* GfxColor.hpp */,
				194410E91EAB4D9E0064A6AA /* GfxFlip.cpp */,
				194410EA1EAB4D9E0064A6AA /* GfxFlip.hpp */,
				194410EB1EAB4D9E0064A6AA /* GfxInitQuit.cpp */,
				194410EC1EAB4D9E0064A6AA /* GfxInitQuit.hpp */,
				194410ED1EAB4D9E0064A6AA /* GfxPalette.cpp */,
				194410EE1EAB4D9E0064A6AA /* GfxPalette.hpp */,
				194410EF1EAB4D9E0064A6AA /* GfxPixelFormat.cpp */,
				194410F01EAB4D9E0064A6AA /* GfxPixelFormat.hpp */,
				194410F11EAB4D9E0064A6AA /* GfxPoint.cpp */,
				194410F21EAB4D9E0064A6AA /* GfxPoint.hpp */,
				194410F31EAB4D9E0064A6AA /* GfxRect.cpp */,
				194410F41EAB4D9E0064A6AA /* GfxRect.hpp */,
				194410F51EAB4D9E0064A6AA /* GfxRenderer.cpp */,
				194410F61EAB4D9E0064A6AA /* GfxRenderer.hpp */,
				194410F71EAB4D9E0064A6AA /* GfxRootClass.cpp */,
				194410F81EAB4D9E0064A6AA /* GfxRootClass.hpp */,
				194410F91EAB4D9E0064A6AA /* GfxSdlHeader.hpp */,
				194410FA1EAB4D9E0064A6AA /* GfxSurface.cpp */,
				194410FB1EAB4D9E0064A6AA /* GfxSurface.hpp */,
				194410FC1EAB4D9E0064A6AA /* GfxTexture.cpp */,
				194410FD1EAB4D9E0064A6AA /* GfxTexture.hpp */,
				194410FE1EAB4D9E0064A6AA /* GfxWindow.cpp */,
				194410FF1EAB4D9E0064A6AA /* GfxWindow.hpp */,
			);
			name = sdl2;
			sourceTree = "<group>";
		};
/* End PBXGroup section */

/* Begin PBXNativeTarget section */
		1915B7651E91101300147BDB /* Giotto */ = {
			isa = PBXNativeTarget;
			buildConfigurationList = 1915B76D1E91101300147BDB /* Build configuration list for PBXNativeTarget "Giotto" */;
			buildPhases = (
				1915B7621E91101300147BDB /* Sources */,
				1915B7631E91101300147BDB /* Frameworks */,
				1915B7641E91101300147BDB /* CopyFiles */,
			);
			buildRules = (
			);
			dependencies = (
			);
			name = Giotto;
			productName = Giotto;
			productReference = 1915B7661E91101300147BDB /* Giotto */;
			productType = "com.apple.product-type.tool";
		};
/* End PBXNativeTarget section */

/* Begin PBXProject section */
		1915B75E1E91101300147BDB /* Project object */ = {
			isa = PBXProject;
			attributes = {
				LastUpgradeCheck = 0830;
				ORGANIZATIONNAME = "George Oros";
				TargetAttributes = {
					1915B7651E91101300147BDB = {
						CreatedOnToolsVersion = 8.3;
						ProvisioningStyle = Automatic;
					};
				};
			};
			buildConfigurationList = 1915B7611E91101300147BDB /* Build configuration list for PBXProject "Giotto" */;
			compatibilityVersion = "Xcode 3.2";
			developmentRegion = English;
			hasScannedForEncodings = 0;
			knownRegions = (
				en,
			);
			mainGroup = 1915B75D1E91101300147BDB;
			productRefGroup = 1915B7671E91101300147BDB /* Products */;
			projectDirPath = "";
			projectRoot = "";
			targets = (
				1915B7651E91101300147BDB /* Giotto */,
			);
		};
/* End PBXProject section */

/* Begin PBXSourcesBuildPhase section */
		1915B7621E91101300147BDB /* Sources */ = {
			isa = PBXSourcesBuildPhase;
			buildActionMask = 2147483647;
			files = (
				194410DF1EAB4C9D0064A6AA /* GfxBitmapFont.cpp in Sources */,
				194411041EAB4D9E0064A6AA /* GfxPalette.cpp in Sources */,
				197D66481EAB41BF009B5EBB /* Playground.cpp in Sources */,
				194411081EAB4D9E0064A6AA /* GfxRenderer.cpp in Sources */,
				1944110B1EAB4D9E0064A6AA /* GfxTexture.cpp in Sources */,
				194411011EAB4D9E0064A6AA /* GfxColor.cpp in Sources */,
				194411091EAB4D9E0064A6AA /* GfxRootClass.cpp in Sources */,
				194411051EAB4D9E0064A6AA /* GfxPixelFormat.cpp in Sources */,
				1944110A1EAB4D9E0064A6AA /* GfxSurface.cpp in Sources */,
				194410E11EAB4C9D0064A6AA /* GfxCanvasBgi.cpp in Sources */,
				194411031EAB4D9E0064A6AA /* GfxInitQuit.cpp in Sources */,
				194410E41EAB4C9D0064A6AA /* GfxConstants.cpp in Sources */,
				194410E01EAB4C9D0064A6AA /* GfxCanvas.cpp in Sources */,
				1944110C1EAB4D9E0064A6AA /* GfxWindow.cpp in Sources */,
				194411001EAB4D9E0064A6AA /* GfxBlendMode.cpp in Sources */,
				194411021EAB4D9E0064A6AA /* GfxFlip.cpp in Sources */,
				194411061EAB4D9E0064A6AA /* GfxPoint.cpp in Sources */,
				194410E31EAB4C9D0064A6AA /* GfxCanvasValues.cpp in Sources */,
				194411071EAB4D9E0064A6AA /* GfxRect.cpp in Sources */,
				197D66471EAB41BF009B5EBB /* main.cpp in Sources */,
				194410E21EAB4C9D0064A6AA /* GfxCanvasBgiData.cpp in Sources */,
			);
			runOnlyForDeploymentPostprocessing = 0;
		};
/* End PBXSourcesBuildPhase section */

/* Begin XCBuildConfiguration section */
		1915B76B1E91101300147BDB /* Debug */ = {
			isa = XCBuildConfiguration;
			buildSettings = {
				ALWAYS_SEARCH_USER_PATHS = NO;
				CLANG_ANALYZER_NONNULL = YES;
				CLANG_ANALYZER_NUMBER_OBJECT_CONVERSION = YES_AGGRESSIVE;
				CLANG_CXX_LANGUAGE_STANDARD = "gnu++0x";
				CLANG_CXX_LIBRARY = "libc++";
				CLANG_ENABLE_MODULES = YES;
				CLANG_ENABLE_OBJC_ARC = YES;
				CLANG_WARN_BOOL_CONVERSION = YES;
				CLANG_WARN_CONSTANT_CONVERSION = YES;
				CLANG_WARN_DIRECT_OBJC_ISA_USAGE = YES_ERROR;
				CLANG_WARN_DOCUMENTATION_COMMENTS = YES;
				CLANG_WARN_EMPTY_BODY = YES;
				CLANG_WARN_ENUM_CONVERSION = YES;
				CLANG_WARN_INFINITE_RECURSION = YES;
				CLANG_WARN_INT_CONVERSION = YES;
				CLANG_WARN_OBJC_ROOT_CLASS = YES_ERROR;
				CLANG_WARN_SUSPICIOUS_MOVE = YES;
				CLANG_WARN_UNREACHABLE_CODE = YES;
				CLANG_WARN__DUPLICATE_METHOD_MATCH = YES;
				CODE_SIGN_IDENTITY = "-";
				COPY_PHASE_STRIP = NO;
				DEBUG_INFORMATION_FORMAT = dwarf;
				ENABLE_STRICT_OBJC_MSGSEND = YES;
				ENABLE_TESTABILITY = YES;
				GCC_C_LANGUAGE_STANDARD = gnu99;
				GCC_DYNAMIC_NO_PIC = NO;
				GCC_NO_COMMON_BLOCKS = YES;
				GCC_OPTIMIZATION_LEVEL = 0;
				GCC_PREPROCESSOR_DEFINITIONS = (
					"DEBUG=1",
					"$(inherited)",
				);
				GCC_WARN_64_TO_32_BIT_CONVERSION = YES;
				GCC_WARN_ABOUT_RETURN_TYPE = YES_ERROR;
				GCC_WARN_UNDECLARED_SELECTOR = YES;
				GCC_WARN_UNINITIALIZED_AUTOS = YES_AGGRESSIVE;
				GCC_WARN_UNUSED_FUNCTION = YES;
				GCC_WARN_UNUSED_VARIABLE = YES;
				MACOSX_DEPLOYMENT_TARGET = 10.12;
				MTL_ENABLE_DEBUG_INFO = YES;
				ONLY_ACTIVE_ARCH = YES;
				SDKROOT = macosx;
			};
			name = Debug;
		};
		1915B76C1E91101300147BDB /* Release */ = {
			isa = XCBuildConfiguration;
			buildSettings = {
				ALWAYS_SEARCH_USER_PATHS = NO;
				CLANG_ANALYZER_NONNULL = YES;
				CLANG_ANALYZER_NUMBER_OBJECT_CONVERSION = YES_AGGRESSIVE;
				CLANG_CXX_LANGUAGE_STANDARD = "gnu++0x";
				CLANG_CXX_LIBRARY = "libc++";
				CLANG_ENABLE_MODULES = YES;
				CLANG_ENABLE_OBJC_ARC = YES;
				CLANG_WARN_BOOL_CONVERSION = YES;
				CLANG_WARN_CONSTANT_CONVERSION = YES;
				CLANG_WARN_DIRECT_OBJC_ISA_USAGE = YES_ERROR;
				CLANG_WARN_DOCUMENTATION_COMMENTS = YES;
				CLANG_WARN_EMPTY_BODY = YES;
				CLANG_WARN_ENUM_CONVERSION = YES;
				CLANG_WARN_INFINITE_RECURSION = YES;
				CLANG_WARN_INT_CONVERSION = YES;
				CLANG_WARN_OBJC_ROOT_CLASS = YES_ERROR;
				CLANG_WARN_SUSPICIOUS_MOVE = YES;
				CLANG_WARN_UNREACHABLE_CODE = YES;
				CLANG_WARN__DUPLICATE_METHOD_MATCH = YES;
				CODE_SIGN_IDENTITY = "-";
				COPY_PHASE_STRIP = NO;
				DEBUG_INFORMATION_FORMAT = "dwarf-with-dsym";
				ENABLE_NS_ASSERTIONS = NO;
				ENABLE_STRICT_OBJC_MSGSEND = YES;
				GCC_C_LANGUAGE_STANDARD = gnu99;
				GCC_NO_COMMON_BLOCKS = YES;
				GCC_WARN_64_TO_32_BIT_CONVERSION = YES;
				GCC_WARN_ABOUT_RETURN_TYPE = YES_ERROR;
				GCC_WARN_UNDECLARED_SELECTOR = YES;
				GCC_WARN_UNINITIALIZED_AUTOS = YES_AGGRESSIVE;
				GCC_WARN_UNUSED_FUNCTION = YES;
				GCC_WARN_UNUSED_VARIABLE = YES;
				MACOSX_DEPLOYMENT_TARGET = 10.12;
				MTL_ENABLE_DEBUG_INFO = NO;
				SDKROOT = macosx;
			};
			name = Release;
		};
		1915B76E1E91101300147BDB /* Debug */ = {
			isa = XCBuildConfiguration;
			buildSettings = {
				FRAMEWORK_SEARCH_PATHS = (
					"$(inherited)",
					"$(USER_LIBRARY_DIR)/Frameworks",
				);
				GCC_OPTIMIZATION_LEVEL = 0;
				LLVM_LTO = NO;
				MACOSX_DEPLOYMENT_TARGET = 10.11;
				PRODUCT_NAME = "$(TARGET_NAME)";
				RUN_CLANG_STATIC_ANALYZER = NO;
				SDKROOT = macosx;
				VALID_ARCHS = x86_64;
			};
			name = Debug;
		};
		1915B76F1E91101300147BDB /* Release */ = {
			isa = XCBuildConfiguration;
			buildSettings = {
				FRAMEWORK_SEARCH_PATHS = (
					"$(inherited)",
					"$(USER_LIBRARY_DIR)/Frameworks",
				);
				GCC_OPTIMIZATION_LEVEL = 3;
				LLVM_LTO = NO;
				MACOSX_DEPLOYMENT_TARGET = 10.11;
				PRODUCT_NAME = "$(TARGET_NAME)";
				SDKROOT = macosx;
				VALID_ARCHS = x86_64;
			};
			name = Release;
		};
/* End XCBuildConfiguration section */

/* Begin XCConfigurationList section */
		1915B7611E91101300147BDB /* Build configuration list for PBXProject "Giotto" */ = {
			isa = XCConfigurationList;
			buildConfigurations = (
				1915B76B1E91101300147BDB /* Debug */,
				1915B76C1E91101300147BDB /* Release */,
			);
			defaultConfigurationIsVisible = 0;
			defaultConfigurationName = Release;
		};
		1915B76D1E91101300147BDB /* Build configuration list for PBXNativeTarget "Giotto" */ = {
			isa = XCConfigurationList;
			buildConfigurations = (
				1915B76E1E91101300147BDB /* Debug */,
				1915B76F1E91101300147BDB /* Release */,
			);
			defaultConfigurationIsVisible = 0;
			defaultConfigurationName = Release;
		};
/* End XCConfigurationList section */
	};
	rootObject = 1915B75E1E91101300147BDB /* Project object */;
}
